// !$*UTF8*$!
{
	archiveVersion = 1;
	classes = {
	};
	objectVersion = 46;
	objects = {

/* Begin PBXBuildFile section */
		0424DA6E1F58F86B00F5CAD2 /* main.m in Sources */ = {isa = PBXBuildFile; fileRef = 0424DA6D1F58F86B00F5CAD2 /* main.m */; };
		0424DA711F58F86B00F5CAD2 /* AppDelegate.m in Sources */ = {isa = PBXBuildFile; fileRef = 0424DA701F58F86B00F5CAD2 /* AppDelegate.m */; };
		0424DA741F58F86B00F5CAD2 /* ViewController.m in Sources */ = {isa = PBXBuildFile; fileRef = 0424DA731F58F86B00F5CAD2 /* ViewController.m */; };
		0424DA771F58F86B00F5CAD2 /* Main.storyboard in Resources */ = {isa = PBXBuildFile; fileRef = 0424DA751F58F86B00F5CAD2 /* Main.storyboard */; };
		0424DA791F58F86B00F5CAD2 /* Assets.xcassets in Resources */ = {isa = PBXBuildFile; fileRef = 0424DA781F58F86B00F5CAD2 /* Assets.xcassets */; };
		0424DA7C1F58F86B00F5CAD2 /* LaunchScreen.storyboard in Resources */ = {isa = PBXBuildFile; fileRef = 0424DA7A1F58F86B00F5CAD2 /* LaunchScreen.storyboard */; };
		0424DB541F58F8F600F5CAD2 /* RongCloudIMDataRequest.m in Sources */ = {isa = PBXBuildFile; fileRef = 0424DA851F58F8F600F5CAD2 /* RongCloudIMDataRequest.m */; };
		0424DB551F58F8F600F5CAD2 /* RACEXTRuntimeExtensions.m in Sources */ = {isa = PBXBuildFile; fileRef = 0424DA8B1F58F8F600F5CAD2 /* RACEXTRuntimeExtensions.m */; };
		0424DB561F58F8F600F5CAD2 /* MKAnnotationView+RACSignalSupport.m in Sources */ = {isa = PBXBuildFile; fileRef = 0424DA8F1F58F8F600F5CAD2 /* MKAnnotationView+RACSignalSupport.m */; };
		0424DB571F58F8F600F5CAD2 /* NSArray+RACSequenceAdditions.m in Sources */ = {isa = PBXBuildFile; fileRef = 0424DA911F58F8F600F5CAD2 /* NSArray+RACSequenceAdditions.m */; };
		0424DB581F58F8F600F5CAD2 /* NSData+RACSupport.m in Sources */ = {isa = PBXBuildFile; fileRef = 0424DA931F58F8F600F5CAD2 /* NSData+RACSupport.m */; };
		0424DB591F58F8F600F5CAD2 /* NSDictionary+RACSequenceAdditions.m in Sources */ = {isa = PBXBuildFile; fileRef = 0424DA951F58F8F600F5CAD2 /* NSDictionary+RACSequenceAdditions.m */; };
		0424DB5A1F58F8F600F5CAD2 /* NSEnumerator+RACSequenceAdditions.m in Sources */ = {isa = PBXBuildFile; fileRef = 0424DA971F58F8F600F5CAD2 /* NSEnumerator+RACSequenceAdditions.m */; };
		0424DB5B1F58F8F600F5CAD2 /* NSFileHandle+RACSupport.m in Sources */ = {isa = PBXBuildFile; fileRef = 0424DA991F58F8F600F5CAD2 /* NSFileHandle+RACSupport.m */; };
		0424DB5C1F58F8F600F5CAD2 /* NSIndexSet+RACSequenceAdditions.m in Sources */ = {isa = PBXBuildFile; fileRef = 0424DA9B1F58F8F600F5CAD2 /* NSIndexSet+RACSequenceAdditions.m */; };
		0424DB5D1F58F8F600F5CAD2 /* NSInvocation+RACTypeParsing.m in Sources */ = {isa = PBXBuildFile; fileRef = 0424DA9D1F58F8F600F5CAD2 /* NSInvocation+RACTypeParsing.m */; };
		0424DB5E1F58F8F600F5CAD2 /* NSNotificationCenter+RACSupport.m in Sources */ = {isa = PBXBuildFile; fileRef = 0424DA9F1F58F8F600F5CAD2 /* NSNotificationCenter+RACSupport.m */; };
		0424DB5F1F58F8F600F5CAD2 /* NSObject+RACDeallocating.m in Sources */ = {isa = PBXBuildFile; fileRef = 0424DAA11F58F8F600F5CAD2 /* NSObject+RACDeallocating.m */; };
		0424DB601F58F8F600F5CAD2 /* NSObject+RACDescription.m in Sources */ = {isa = PBXBuildFile; fileRef = 0424DAA31F58F8F600F5CAD2 /* NSObject+RACDescription.m */; };
		0424DB611F58F8F600F5CAD2 /* NSObject+RACKVOWrapper.m in Sources */ = {isa = PBXBuildFile; fileRef = 0424DAA51F58F8F600F5CAD2 /* NSObject+RACKVOWrapper.m */; };
		0424DB621F58F8F600F5CAD2 /* NSObject+RACLifting.m in Sources */ = {isa = PBXBuildFile; fileRef = 0424DAA71F58F8F600F5CAD2 /* NSObject+RACLifting.m */; };
		0424DB631F58F8F600F5CAD2 /* NSObject+RACPropertySubscribing.m in Sources */ = {isa = PBXBuildFile; fileRef = 0424DAA91F58F8F600F5CAD2 /* NSObject+RACPropertySubscribing.m */; };
		0424DB641F58F8F600F5CAD2 /* NSObject+RACSelectorSignal.m in Sources */ = {isa = PBXBuildFile; fileRef = 0424DAAB1F58F8F600F5CAD2 /* NSObject+RACSelectorSignal.m */; };
		0424DB651F58F8F600F5CAD2 /* NSOrderedSet+RACSequenceAdditions.m in Sources */ = {isa = PBXBuildFile; fileRef = 0424DAAD1F58F8F600F5CAD2 /* NSOrderedSet+RACSequenceAdditions.m */; };
		0424DB661F58F8F600F5CAD2 /* NSSet+RACSequenceAdditions.m in Sources */ = {isa = PBXBuildFile; fileRef = 0424DAAF1F58F8F600F5CAD2 /* NSSet+RACSequenceAdditions.m */; };
		0424DB671F58F8F600F5CAD2 /* NSString+RACKeyPathUtilities.m in Sources */ = {isa = PBXBuildFile; fileRef = 0424DAB11F58F8F600F5CAD2 /* NSString+RACKeyPathUtilities.m */; };
		0424DB681F58F8F600F5CAD2 /* NSString+RACSequenceAdditions.m in Sources */ = {isa = PBXBuildFile; fileRef = 0424DAB31F58F8F600F5CAD2 /* NSString+RACSequenceAdditions.m */; };
		0424DB691F58F8F600F5CAD2 /* NSString+RACSupport.m in Sources */ = {isa = PBXBuildFile; fileRef = 0424DAB51F58F8F600F5CAD2 /* NSString+RACSupport.m */; };
		0424DB6A1F58F8F600F5CAD2 /* NSURLConnection+RACSupport.m in Sources */ = {isa = PBXBuildFile; fileRef = 0424DAB71F58F8F600F5CAD2 /* NSURLConnection+RACSupport.m */; };
		0424DB6B1F58F8F600F5CAD2 /* NSUserDefaults+RACSupport.m in Sources */ = {isa = PBXBuildFile; fileRef = 0424DAB91F58F8F600F5CAD2 /* NSUserDefaults+RACSupport.m */; };
		0424DB6C1F58F8F600F5CAD2 /* RACArraySequence.m in Sources */ = {isa = PBXBuildFile; fileRef = 0424DABB1F58F8F600F5CAD2 /* RACArraySequence.m */; };
		0424DB6D1F58F8F600F5CAD2 /* RACBehaviorSubject.m in Sources */ = {isa = PBXBuildFile; fileRef = 0424DABD1F58F8F600F5CAD2 /* RACBehaviorSubject.m */; };
		0424DB6E1F58F8F600F5CAD2 /* RACBlockTrampoline.m in Sources */ = {isa = PBXBuildFile; fileRef = 0424DABF1F58F8F600F5CAD2 /* RACBlockTrampoline.m */; };
		0424DB6F1F58F8F600F5CAD2 /* RACChannel.m in Sources */ = {isa = PBXBuildFile; fileRef = 0424DAC11F58F8F600F5CAD2 /* RACChannel.m */; };
		0424DB701F58F8F600F5CAD2 /* RACCommand.m in Sources */ = {isa = PBXBuildFile; fileRef = 0424DAC31F58F8F600F5CAD2 /* RACCommand.m */; };
		0424DB711F58F8F600F5CAD2 /* RACCompoundDisposable.m in Sources */ = {isa = PBXBuildFile; fileRef = 0424DAC51F58F8F600F5CAD2 /* RACCompoundDisposable.m */; };
		0424DB721F58F8F600F5CAD2 /* RACCompoundDisposableProvider.d in Sources */ = {isa = PBXBuildFile; fileRef = 0424DAC61F58F8F600F5CAD2 /* RACCompoundDisposableProvider.d */; };
		0424DB731F58F8F600F5CAD2 /* RACDelegateProxy.m in Sources */ = {isa = PBXBuildFile; fileRef = 0424DAC81F58F8F600F5CAD2 /* RACDelegateProxy.m */; };
		0424DB741F58F8F600F5CAD2 /* RACDisposable.m in Sources */ = {isa = PBXBuildFile; fileRef = 0424DACA1F58F8F600F5CAD2 /* RACDisposable.m */; };
		0424DB751F58F8F600F5CAD2 /* RACDynamicSequence.m in Sources */ = {isa = PBXBuildFile; fileRef = 0424DACC1F58F8F600F5CAD2 /* RACDynamicSequence.m */; };
		0424DB761F58F8F600F5CAD2 /* RACDynamicSignal.m in Sources */ = {isa = PBXBuildFile; fileRef = 0424DACE1F58F8F600F5CAD2 /* RACDynamicSignal.m */; };
		0424DB771F58F8F600F5CAD2 /* RACEagerSequence.m in Sources */ = {isa = PBXBuildFile; fileRef = 0424DAD01F58F8F600F5CAD2 /* RACEagerSequence.m */; };
		0424DB781F58F8F600F5CAD2 /* RACEmptySequence.m in Sources */ = {isa = PBXBuildFile; fileRef = 0424DAD21F58F8F600F5CAD2 /* RACEmptySequence.m */; };
		0424DB791F58F8F600F5CAD2 /* RACEmptySignal.m in Sources */ = {isa = PBXBuildFile; fileRef = 0424DAD41F58F8F600F5CAD2 /* RACEmptySignal.m */; };
		0424DB7A1F58F8F600F5CAD2 /* RACErrorSignal.m in Sources */ = {isa = PBXBuildFile; fileRef = 0424DAD61F58F8F600F5CAD2 /* RACErrorSignal.m */; };
		0424DB7B1F58F8F600F5CAD2 /* RACEvent.m in Sources */ = {isa = PBXBuildFile; fileRef = 0424DAD81F58F8F600F5CAD2 /* RACEvent.m */; };
		0424DB7C1F58F8F600F5CAD2 /* RACGroupedSignal.m in Sources */ = {isa = PBXBuildFile; fileRef = 0424DADA1F58F8F600F5CAD2 /* RACGroupedSignal.m */; };
		0424DB7D1F58F8F600F5CAD2 /* RACImmediateScheduler.m in Sources */ = {isa = PBXBuildFile; fileRef = 0424DADC1F58F8F600F5CAD2 /* RACImmediateScheduler.m */; };
		0424DB7E1F58F8F600F5CAD2 /* RACIndexSetSequence.m in Sources */ = {isa = PBXBuildFile; fileRef = 0424DADE1F58F8F600F5CAD2 /* RACIndexSetSequence.m */; };
		0424DB7F1F58F8F600F5CAD2 /* RACKVOChannel.m in Sources */ = {isa = PBXBuildFile; fileRef = 0424DAE01F58F8F600F5CAD2 /* RACKVOChannel.m */; };
		0424DB801F58F8F600F5CAD2 /* RACKVOProxy.m in Sources */ = {isa = PBXBuildFile; fileRef = 0424DAE21F58F8F600F5CAD2 /* RACKVOProxy.m */; };
		0424DB811F58F8F600F5CAD2 /* RACKVOTrampoline.m in Sources */ = {isa = PBXBuildFile; fileRef = 0424DAE41F58F8F600F5CAD2 /* RACKVOTrampoline.m */; };
		0424DB821F58F8F600F5CAD2 /* RACMulticastConnection.m in Sources */ = {isa = PBXBuildFile; fileRef = 0424DAE71F58F8F600F5CAD2 /* RACMulticastConnection.m */; };
		0424DB831F58F8F600F5CAD2 /* RACObjCRuntime.m in Sources */ = {isa = PBXBuildFile; fileRef = 0424DAE91F58F8F600F5CAD2 /* RACObjCRuntime.m */; };
		0424DB841F58F8F600F5CAD2 /* RACPassthroughSubscriber.m in Sources */ = {isa = PBXBuildFile; fileRef = 0424DAEB1F58F8F600F5CAD2 /* RACPassthroughSubscriber.m */; };
		0424DB851F58F8F600F5CAD2 /* RACQueueScheduler.m in Sources */ = {isa = PBXBuildFile; fileRef = 0424DAEE1F58F8F600F5CAD2 /* RACQueueScheduler.m */; };
		0424DB861F58F8F600F5CAD2 /* RACReplaySubject.m in Sources */ = {isa = PBXBuildFile; fileRef = 0424DAF01F58F8F600F5CAD2 /* RACReplaySubject.m */; };
		0424DB871F58F8F600F5CAD2 /* RACReturnSignal.m in Sources */ = {isa = PBXBuildFile; fileRef = 0424DAF21F58F8F600F5CAD2 /* RACReturnSignal.m */; };
		0424DB881F58F8F600F5CAD2 /* RACScheduler.m in Sources */ = {isa = PBXBuildFile; fileRef = 0424DAF61F58F8F600F5CAD2 /* RACScheduler.m */; };
		0424DB891F58F8F600F5CAD2 /* RACScopedDisposable.m in Sources */ = {isa = PBXBuildFile; fileRef = 0424DAF81F58F8F600F5CAD2 /* RACScopedDisposable.m */; };
		0424DB8A1F58F8F600F5CAD2 /* RACSequence.m in Sources */ = {isa = PBXBuildFile; fileRef = 0424DAFA1F58F8F600F5CAD2 /* RACSequence.m */; };
		0424DB8B1F58F8F600F5CAD2 /* RACSerialDisposable.m in Sources */ = {isa = PBXBuildFile; fileRef = 0424DAFC1F58F8F600F5CAD2 /* RACSerialDisposable.m */; };
		0424DB8C1F58F8F600F5CAD2 /* RACSignal+Operations.m in Sources */ = {isa = PBXBuildFile; fileRef = 0424DAFE1F58F8F600F5CAD2 /* RACSignal+Operations.m */; };
		0424DB8D1F58F8F600F5CAD2 /* RACSignal.m in Sources */ = {isa = PBXBuildFile; fileRef = 0424DB001F58F8F600F5CAD2 /* RACSignal.m */; };
		0424DB8E1F58F8F600F5CAD2 /* RACSignalProvider.d in Sources */ = {isa = PBXBuildFile; fileRef = 0424DB011F58F8F600F5CAD2 /* RACSignalProvider.d */; };
		0424DB8F1F58F8F600F5CAD2 /* RACSignalSequence.m in Sources */ = {isa = PBXBuildFile; fileRef = 0424DB031F58F8F600F5CAD2 /* RACSignalSequence.m */; };
		0424DB901F58F8F600F5CAD2 /* RACStream.m in Sources */ = {isa = PBXBuildFile; fileRef = 0424DB061F58F8F600F5CAD2 /* RACStream.m */; };
		0424DB911F58F8F600F5CAD2 /* RACStringSequence.m in Sources */ = {isa = PBXBuildFile; fileRef = 0424DB081F58F8F600F5CAD2 /* RACStringSequence.m */; };
		0424DB921F58F8F600F5CAD2 /* RACSubject.m in Sources */ = {isa = PBXBuildFile; fileRef = 0424DB0A1F58F8F600F5CAD2 /* RACSubject.m */; };
		0424DB931F58F8F600F5CAD2 /* RACSubscriber.m in Sources */ = {isa = PBXBuildFile; fileRef = 0424DB0D1F58F8F600F5CAD2 /* RACSubscriber.m */; };
		0424DB941F58F8F600F5CAD2 /* RACSubscriptingAssignmentTrampoline.m in Sources */ = {isa = PBXBuildFile; fileRef = 0424DB0F1F58F8F600F5CAD2 /* RACSubscriptingAssignmentTrampoline.m */; };
		0424DB951F58F8F600F5CAD2 /* RACSubscriptionScheduler.m in Sources */ = {isa = PBXBuildFile; fileRef = 0424DB111F58F8F600F5CAD2 /* RACSubscriptionScheduler.m */; };
		0424DB961F58F8F600F5CAD2 /* RACTargetQueueScheduler.m in Sources */ = {isa = PBXBuildFile; fileRef = 0424DB131F58F8F600F5CAD2 /* RACTargetQueueScheduler.m */; };
		0424DB971F58F8F600F5CAD2 /* RACTestScheduler.m in Sources */ = {isa = PBXBuildFile; fileRef = 0424DB151F58F8F600F5CAD2 /* RACTestScheduler.m */; };
		0424DB981F58F8F600F5CAD2 /* RACTuple.m in Sources */ = {isa = PBXBuildFile; fileRef = 0424DB171F58F8F600F5CAD2 /* RACTuple.m */; };
		0424DB991F58F8F600F5CAD2 /* RACTupleSequence.m in Sources */ = {isa = PBXBuildFile; fileRef = 0424DB191F58F8F600F5CAD2 /* RACTupleSequence.m */; };
		0424DB9A1F58F8F600F5CAD2 /* RACUnarySequence.m in Sources */ = {isa = PBXBuildFile; fileRef = 0424DB1B1F58F8F600F5CAD2 /* RACUnarySequence.m */; };
		0424DB9B1F58F8F600F5CAD2 /* RACUnit.m in Sources */ = {isa = PBXBuildFile; fileRef = 0424DB1D1F58F8F600F5CAD2 /* RACUnit.m */; };
		0424DB9C1F58F8F600F5CAD2 /* RACValueTransformer.m in Sources */ = {isa = PBXBuildFile; fileRef = 0424DB1F1F58F8F600F5CAD2 /* RACValueTransformer.m */; };
		0424DB9D1F58F8F600F5CAD2 /* UIActionSheet+RACSignalSupport.m in Sources */ = {isa = PBXBuildFile; fileRef = 0424DB221F58F8F600F5CAD2 /* UIActionSheet+RACSignalSupport.m */; };
		0424DB9E1F58F8F600F5CAD2 /* UIAlertView+RACSignalSupport.m in Sources */ = {isa = PBXBuildFile; fileRef = 0424DB241F58F8F600F5CAD2 /* UIAlertView+RACSignalSupport.m */; };
		0424DB9F1F58F8F600F5CAD2 /* UIBarButtonItem+RACCommandSupport.m in Sources */ = {isa = PBXBuildFile; fileRef = 0424DB261F58F8F600F5CAD2 /* UIBarButtonItem+RACCommandSupport.m */; };
		0424DBA01F58F8F600F5CAD2 /* UIButton+RACCommandSupport.m in Sources */ = {isa = PBXBuildFile; fileRef = 0424DB281F58F8F600F5CAD2 /* UIButton+RACCommandSupport.m */; };
		0424DBA11F58F8F600F5CAD2 /* UICollectionReusableView+RACSignalSupport.m in Sources */ = {isa = PBXBuildFile; fileRef = 0424DB2A1F58F8F600F5CAD2 /* UICollectionReusableView+RACSignalSupport.m */; };
		0424DBA21F58F8F600F5CAD2 /* UIControl+RACSignalSupport.m in Sources */ = {isa = PBXBuildFile; fileRef = 0424DB2C1F58F8F600F5CAD2 /* UIControl+RACSignalSupport.m */; };
		0424DBA31F58F8F600F5CAD2 /* UIControl+RACSignalSupportPrivate.m in Sources */ = {isa = PBXBuildFile; fileRef = 0424DB2E1F58F8F600F5CAD2 /* UIControl+RACSignalSupportPrivate.m */; };
		0424DBA41F58F8F600F5CAD2 /* UIDatePicker+RACSignalSupport.m in Sources */ = {isa = PBXBuildFile; fileRef = 0424DB301F58F8F600F5CAD2 /* UIDatePicker+RACSignalSupport.m */; };
		0424DBA51F58F8F600F5CAD2 /* UIGestureRecognizer+RACSignalSupport.m in Sources */ = {isa = PBXBuildFile; fileRef = 0424DB321F58F8F600F5CAD2 /* UIGestureRecognizer+RACSignalSupport.m */; };
		0424DBA61F58F8F600F5CAD2 /* UIImagePickerController+RACSignalSupport.m in Sources */ = {isa = PBXBuildFile; fileRef = 0424DB341F58F8F600F5CAD2 /* UIImagePickerController+RACSignalSupport.m */; };
		0424DBA71F58F8F600F5CAD2 /* UIRefreshControl+RACCommandSupport.m in Sources */ = {isa = PBXBuildFile; fileRef = 0424DB361F58F8F600F5CAD2 /* UIRefreshControl+RACCommandSupport.m */; };
		0424DBA81F58F8F600F5CAD2 /* UISegmentedControl+RACSignalSupport.m in Sources */ = {isa = PBXBuildFile; fileRef = 0424DB381F58F8F600F5CAD2 /* UISegmentedControl+RACSignalSupport.m */; };
		0424DBA91F58F8F600F5CAD2 /* UISlider+RACSignalSupport.m in Sources */ = {isa = PBXBuildFile; fileRef = 0424DB3A1F58F8F600F5CAD2 /* UISlider+RACSignalSupport.m */; };
		0424DBAA1F58F8F600F5CAD2 /* UIStepper+RACSignalSupport.m in Sources */ = {isa = PBXBuildFile; fileRef = 0424DB3C1F58F8F600F5CAD2 /* UIStepper+RACSignalSupport.m */; };
		0424DBAB1F58F8F600F5CAD2 /* UISwitch+RACSignalSupport.m in Sources */ = {isa = PBXBuildFile; fileRef = 0424DB3E1F58F8F600F5CAD2 /* UISwitch+RACSignalSupport.m */; };
		0424DBAC1F58F8F600F5CAD2 /* UITableViewCell+RACSignalSupport.m in Sources */ = {isa = PBXBuildFile; fileRef = 0424DB401F58F8F600F5CAD2 /* UITableViewCell+RACSignalSupport.m */; };
		0424DBAD1F58F8F600F5CAD2 /* UITableViewHeaderFooterView+RACSignalSupport.m in Sources */ = {isa = PBXBuildFile; fileRef = 0424DB421F58F8F600F5CAD2 /* UITableViewHeaderFooterView+RACSignalSupport.m */; };
		0424DBAE1F58F8F600F5CAD2 /* UITextField+RACSignalSupport.m in Sources */ = {isa = PBXBuildFile; fileRef = 0424DB441F58F8F600F5CAD2 /* UITextField+RACSignalSupport.m */; };
		0424DBAF1F58F8F600F5CAD2 /* UITextView+RACSignalSupport.m in Sources */ = {isa = PBXBuildFile; fileRef = 0424DB461F58F8F600F5CAD2 /* UITextView+RACSignalSupport.m */; };
		0424DBB01F58F8F600F5CAD2 /* Emoji.plist in Resources */ = {isa = PBXBuildFile; fileRef = 0424DB481F58F8F600F5CAD2 /* Emoji.plist */; };
		0424DBB11F58F8F600F5CAD2 /* RongCloudKit.strings in Resources */ = {isa = PBXBuildFile; fileRef = 0424DB491F58F8F600F5CAD2 /* RongCloudKit.strings */; };
		0424DBB21F58F8F600F5CAD2 /* libopencore-amrnb.a in Frameworks */ = {isa = PBXBuildFile; fileRef = 0424DB4B1F58F8F600F5CAD2 /* libopencore-amrnb.a */; };
		0424DBB31F58F8F600F5CAD2 /* RCConfig.plist in Resources */ = {isa = PBXBuildFile; fileRef = 0424DB4C1F58F8F600F5CAD2 /* RCConfig.plist */; };
		0424DBB41F58F8F600F5CAD2 /* RongCloud.bundle in Resources */ = {isa = PBXBuildFile; fileRef = 0424DB4D1F58F8F600F5CAD2 /* RongCloud.bundle */; };
		0424DBB51F58F8F600F5CAD2 /* RongIMKit.framework in Frameworks */ = {isa = PBXBuildFile; fileRef = 0424DB4E1F58F8F600F5CAD2 /* RongIMKit.framework */; };
		0424DBB61F58F8F600F5CAD2 /* RongIMLib.framework in Frameworks */ = {isa = PBXBuildFile; fileRef = 0424DB4F1F58F8F600F5CAD2 /* RongIMLib.framework */; };
		0424DBBE1F58F9DF00F5CAD2 /* RongCloudIMCenterManager.m in Sources */ = {isa = PBXBuildFile; fileRef = 0424DBBC1F58F9DF00F5CAD2 /* RongCloudIMCenterManager.m */; };
		0424DBC91F58FABC00F5CAD2 /* libz.tbd in Frameworks */ = {isa = PBXBuildFile; fileRef = 0424DBC01F58FABC00F5CAD2 /* libz.tbd */; };
		0424DBCA1F58FABC00F5CAD2 /* CFNetwork.framework in Frameworks */ = {isa = PBXBuildFile; fileRef = 0424DBC11F58FABC00F5CAD2 /* CFNetwork.framework */; };
		0424DBCB1F58FABC00F5CAD2 /* libstdc++.tbd in Frameworks */ = {isa = PBXBuildFile; fileRef = 0424DBC21F58FABC00F5CAD2 /* libstdc++.tbd */; };
		0424DBCC1F58FABC00F5CAD2 /* libxml2.tbd in Frameworks */ = {isa = PBXBuildFile; fileRef = 0424DBC31F58FABC00F5CAD2 /* libxml2.tbd */; };
		0424DBCD1F58FABC00F5CAD2 /* libc++abi.tbd in Frameworks */ = {isa = PBXBuildFile; fileRef = 0424DBC41F58FABC00F5CAD2 /* libc++abi.tbd */; };
		0424DBCE1F58FABC00F5CAD2 /* libc++.tbd in Frameworks */ = {isa = PBXBuildFile; fileRef = 0424DBC51F58FABC00F5CAD2 /* libc++.tbd */; };
		0424DBCF1F58FABC00F5CAD2 /* AudioToolbox.framework in Frameworks */ = {isa = PBXBuildFile; fileRef = 0424DBC61F58FABC00F5CAD2 /* AudioToolbox.framework */; };
		0424DBD01F58FABC00F5CAD2 /* AssetsLibrary.framework in Frameworks */ = {isa = PBXBuildFile; fileRef = 0424DBC71F58FABC00F5CAD2 /* AssetsLibrary.framework */; };
		0424DBD11F58FABC00F5CAD2 /* libsqlite3.tbd in Frameworks */ = {isa = PBXBuildFile; fileRef = 0424DBC81F58FABC00F5CAD2 /* libsqlite3.tbd */; };
/* End PBXBuildFile section */

/* Begin PBXFileReference section */
		0424DA691F58F86B00F5CAD2 /* RongCloudManager.app */ = {isa = PBXFileReference; explicitFileType = wrapper.application; includeInIndex = 0; path = RongCloudManager.app; sourceTree = BUILT_PRODUCTS_DIR; };
		0424DA6D1F58F86B00F5CAD2 /* main.m */ = {isa = PBXFileReference; lastKnownFileType = sourcecode.c.objc; path = main.m; sourceTree = "<group>"; };
		0424DA6F1F58F86B00F5CAD2 /* AppDelegate.h */ = {isa = PBXFileReference; lastKnownFileType = sourcecode.c.h; path = AppDelegate.h; sourceTree = "<group>"; };
		0424DA701F58F86B00F5CAD2 /* AppDelegate.m */ = {isa = PBXFileReference; lastKnownFileType = sourcecode.c.objc; path = AppDelegate.m; sourceTree = "<group>"; };
		0424DA721F58F86B00F5CAD2 /* ViewController.h */ = {isa = PBXFileReference; lastKnownFileType = sourcecode.c.h; path = ViewController.h; sourceTree = "<group>"; };
		0424DA731F58F86B00F5CAD2 /* ViewController.m */ = {isa = PBXFileReference; lastKnownFileType = sourcecode.c.objc; path = ViewController.m; sourceTree = "<group>"; };
		0424DA761F58F86B00F5CAD2 /* Base */ = {isa = PBXFileReference; lastKnownFileType = file.storyboard; name = Base; path = Base.lproj/Main.storyboard; sourceTree = "<group>"; };
		0424DA781F58F86B00F5CAD2 /* Assets.xcassets */ = {isa = PBXFileReference; lastKnownFileType = folder.assetcatalog; path = Assets.xcassets; sourceTree = "<group>"; };
		0424DA7B1F58F86B00F5CAD2 /* Base */ = {isa = PBXFileReference; lastKnownFileType = file.storyboard; name = Base; path = Base.lproj/LaunchScreen.storyboard; sourceTree = "<group>"; };
		0424DA7D1F58F86B00F5CAD2 /* Info.plist */ = {isa = PBXFileReference; lastKnownFileType = text.plist.xml; path = Info.plist; sourceTree = "<group>"; };
		0424DA841F58F8F600F5CAD2 /* RongCloudIMDataRequest.h */ = {isa = PBXFileReference; fileEncoding = 4; lastKnownFileType = sourcecode.c.h; path = RongCloudIMDataRequest.h; sourceTree = "<group>"; };
		0424DA851F58F8F600F5CAD2 /* RongCloudIMDataRequest.m */ = {isa = PBXFileReference; fileEncoding = 4; lastKnownFileType = sourcecode.c.objc; path = RongCloudIMDataRequest.m; sourceTree = "<group>"; };
		0424DA891F58F8F600F5CAD2 /* RACEXTKeyPathCoding.h */ = {isa = PBXFileReference; fileEncoding = 4; lastKnownFileType = sourcecode.c.h; path = RACEXTKeyPathCoding.h; sourceTree = "<group>"; };
		0424DA8A1F58F8F600F5CAD2 /* RACEXTRuntimeExtensions.h */ = {isa = PBXFileReference; fileEncoding = 4; lastKnownFileType = sourcecode.c.h; path = RACEXTRuntimeExtensions.h; sourceTree = "<group>"; };
		0424DA8B1F58F8F600F5CAD2 /* RACEXTRuntimeExtensions.m */ = {isa = PBXFileReference; fileEncoding = 4; lastKnownFileType = sourcecode.c.objc; path = RACEXTRuntimeExtensions.m; sourceTree = "<group>"; };
		0424DA8C1F58F8F600F5CAD2 /* RACEXTScope.h */ = {isa = PBXFileReference; fileEncoding = 4; lastKnownFileType = sourcecode.c.h; path = RACEXTScope.h; sourceTree = "<group>"; };
		0424DA8D1F58F8F600F5CAD2 /* RACmetamacros.h */ = {isa = PBXFileReference; fileEncoding = 4; lastKnownFileType = sourcecode.c.h; path = RACmetamacros.h; sourceTree = "<group>"; };
		0424DA8E1F58F8F600F5CAD2 /* MKAnnotationView+RACSignalSupport.h */ = {isa = PBXFileReference; fileEncoding = 4; lastKnownFileType = sourcecode.c.h; path = "MKAnnotationView+RACSignalSupport.h"; sourceTree = "<group>"; };
		0424DA8F1F58F8F600F5CAD2 /* MKAnnotationView+RACSignalSupport.m */ = {isa = PBXFileReference; fileEncoding = 4; lastKnownFileType = sourcecode.c.objc; path = "MKAnnotationView+RACSignalSupport.m"; sourceTree = "<group>"; };
		0424DA901F58F8F600F5CAD2 /* NSArray+RACSequenceAdditions.h */ = {isa = PBXFileReference; fileEncoding = 4; lastKnownFileType = sourcecode.c.h; path = "NSArray+RACSequenceAdditions.h"; sourceTree = "<group>"; };
		0424DA911F58F8F600F5CAD2 /* NSArray+RACSequenceAdditions.m */ = {isa = PBXFileReference; fileEncoding = 4; lastKnownFileType = sourcecode.c.objc; path = "NSArray+RACSequenceAdditions.m"; sourceTree = "<group>"; };
		0424DA921F58F8F600F5CAD2 /* NSData+RACSupport.h */ = {isa = PBXFileReference; fileEncoding = 4; lastKnownFileType = sourcecode.c.h; path = "NSData+RACSupport.h"; sourceTree = "<group>"; };
		0424DA931F58F8F600F5CAD2 /* NSData+RACSupport.m */ = {isa = PBXFileReference; fileEncoding = 4; lastKnownFileType = sourcecode.c.objc; path = "NSData+RACSupport.m"; sourceTree = "<group>"; };
		0424DA941F58F8F600F5CAD2 /* NSDictionary+RACSequenceAdditions.h */ = {isa = PBXFileReference; fileEncoding = 4; lastKnownFileType = sourcecode.c.h; path = "NSDictionary+RACSequenceAdditions.h"; sourceTree = "<group>"; };
		0424DA951F58F8F600F5CAD2 /* NSDictionary+RACSequenceAdditions.m */ = {isa = PBXFileReference; fileEncoding = 4; lastKnownFileType = sourcecode.c.objc; path = "NSDictionary+RACSequenceAdditions.m"; sourceTree = "<group>"; };
		0424DA961F58F8F600F5CAD2 /* NSEnumerator+RACSequenceAdditions.h */ = {isa = PBXFileReference; fileEncoding = 4; lastKnownFileType = sourcecode.c.h; path = "NSEnumerator+RACSequenceAdditions.h"; sourceTree = "<group>"; };
		0424DA971F58F8F600F5CAD2 /* NSEnumerator+RACSequenceAdditions.m */ = {isa = PBXFileReference; fileEncoding = 4; lastKnownFileType = sourcecode.c.objc; path = "NSEnumerator+RACSequenceAdditions.m"; sourceTree = "<group>"; };
		0424DA981F58F8F600F5CAD2 /* NSFileHandle+RACSupport.h */ = {isa = PBXFileReference; fileEncoding = 4; lastKnownFileType = sourcecode.c.h; path = "NSFileHandle+RACSupport.h"; sourceTree = "<group>"; };
		0424DA991F58F8F600F5CAD2 /* NSFileHandle+RACSupport.m */ = {isa = PBXFileReference; fileEncoding = 4; lastKnownFileType = sourcecode.c.objc; path = "NSFileHandle+RACSupport.m"; sourceTree = "<group>"; };
		0424DA9A1F58F8F600F5CAD2 /* NSIndexSet+RACSequenceAdditions.h */ = {isa = PBXFileReference; fileEncoding = 4; lastKnownFileType = sourcecode.c.h; path = "NSIndexSet+RACSequenceAdditions.h"; sourceTree = "<group>"; };
		0424DA9B1F58F8F600F5CAD2 /* NSIndexSet+RACSequenceAdditions.m */ = {isa = PBXFileReference; fileEncoding = 4; lastKnownFileType = sourcecode.c.objc; path = "NSIndexSet+RACSequenceAdditions.m"; sourceTree = "<group>"; };
		0424DA9C1F58F8F600F5CAD2 /* NSInvocation+RACTypeParsing.h */ = {isa = PBXFileReference; fileEncoding = 4; lastKnownFileType = sourcecode.c.h; path = "NSInvocation+RACTypeParsing.h"; sourceTree = "<group>"; };
		0424DA9D1F58F8F600F5CAD2 /* NSInvocation+RACTypeParsing.m */ = {isa = PBXFileReference; fileEncoding = 4; lastKnownFileType = sourcecode.c.objc; path = "NSInvocation+RACTypeParsing.m"; sourceTree = "<group>"; };
		0424DA9E1F58F8F600F5CAD2 /* NSNotificationCenter+RACSupport.h */ = {isa = PBXFileReference; fileEncoding = 4; lastKnownFileType = sourcecode.c.h; path = "NSNotificationCenter+RACSupport.h"; sourceTree = "<group>"; };
		0424DA9F1F58F8F600F5CAD2 /* NSNotificationCenter+RACSupport.m */ = {isa = PBXFileReference; fileEncoding = 4; lastKnownFileType = sourcecode.c.objc; path = "NSNotificationCenter+RACSupport.m"; sourceTree = "<group>"; };
		0424DAA01F58F8F600F5CAD2 /* NSObject+RACDeallocating.h */ = {isa = PBXFileReference; fileEncoding = 4; lastKnownFileType = sourcecode.c.h; path = "NSObject+RACDeallocating.h"; sourceTree = "<group>"; };
		0424DAA11F58F8F600F5CAD2 /* NSObject+RACDeallocating.m */ = {isa = PBXFileReference; fileEncoding = 4; lastKnownFileType = sourcecode.c.objc; path = "NSObject+RACDeallocating.m"; sourceTree = "<group>"; };
		0424DAA21F58F8F600F5CAD2 /* NSObject+RACDescription.h */ = {isa = PBXFileReference; fileEncoding = 4; lastKnownFileType = sourcecode.c.h; path = "NSObject+RACDescription.h"; sourceTree = "<group>"; };
		0424DAA31F58F8F600F5CAD2 /* NSObject+RACDescription.m */ = {isa = PBXFileReference; fileEncoding = 4; lastKnownFileType = sourcecode.c.objc; path = "NSObject+RACDescription.m"; sourceTree = "<group>"; };
		0424DAA41F58F8F600F5CAD2 /* NSObject+RACKVOWrapper.h */ = {isa = PBXFileReference; fileEncoding = 4; lastKnownFileType = sourcecode.c.h; path = "NSObject+RACKVOWrapper.h"; sourceTree = "<group>"; };
		0424DAA51F58F8F600F5CAD2 /* NSObject+RACKVOWrapper.m */ = {isa = PBXFileReference; fileEncoding = 4; lastKnownFileType = sourcecode.c.objc; path = "NSObject+RACKVOWrapper.m"; sourceTree = "<group>"; };
		0424DAA61F58F8F600F5CAD2 /* NSObject+RACLifting.h */ = {isa = PBXFileReference; fileEncoding = 4; lastKnownFileType = sourcecode.c.h; path = "NSObject+RACLifting.h"; sourceTree = "<group>"; };
		0424DAA71F58F8F600F5CAD2 /* NSObject+RACLifting.m */ = {isa = PBXFileReference; fileEncoding = 4; lastKnownFileType = sourcecode.c.objc; path = "NSObject+RACLifting.m"; sourceTree = "<group>"; };
		0424DAA81F58F8F600F5CAD2 /* NSObject+RACPropertySubscribing.h */ = {isa = PBXFileReference; fileEncoding = 4; lastKnownFileType = sourcecode.c.h; path = "NSObject+RACPropertySubscribing.h"; sourceTree = "<group>"; };
		0424DAA91F58F8F600F5CAD2 /* NSObject+RACPropertySubscribing.m */ = {isa = PBXFileReference; fileEncoding = 4; lastKnownFileType = sourcecode.c.objc; path = "NSObject+RACPropertySubscribing.m"; sourceTree = "<group>"; };
		0424DAAA1F58F8F600F5CAD2 /* NSObject+RACSelectorSignal.h */ = {isa = PBXFileReference; fileEncoding = 4; lastKnownFileType = sourcecode.c.h; path = "NSObject+RACSelectorSignal.h"; sourceTree = "<group>"; };
		0424DAAB1F58F8F600F5CAD2 /* NSObject+RACSelectorSignal.m */ = {isa = PBXFileReference; fileEncoding = 4; lastKnownFileType = sourcecode.c.objc; path = "NSObject+RACSelectorSignal.m"; sourceTree = "<group>"; };
		0424DAAC1F58F8F600F5CAD2 /* NSOrderedSet+RACSequenceAdditions.h */ = {isa = PBXFileReference; fileEncoding = 4; lastKnownFileType = sourcecode.c.h; path = "NSOrderedSet+RACSequenceAdditions.h"; sourceTree = "<group>"; };
		0424DAAD1F58F8F600F5CAD2 /* NSOrderedSet+RACSequenceAdditions.m */ = {isa = PBXFileReference; fileEncoding = 4; lastKnownFileType = sourcecode.c.objc; path = "NSOrderedSet+RACSequenceAdditions.m"; sourceTree = "<group>"; };
		0424DAAE1F58F8F600F5CAD2 /* NSSet+RACSequenceAdditions.h */ = {isa = PBXFileReference; fileEncoding = 4; lastKnownFileType = sourcecode.c.h; path = "NSSet+RACSequenceAdditions.h"; sourceTree = "<group>"; };
		0424DAAF1F58F8F600F5CAD2 /* NSSet+RACSequenceAdditions.m */ = {isa = PBXFileReference; fileEncoding = 4; lastKnownFileType = sourcecode.c.objc; path = "NSSet+RACSequenceAdditions.m"; sourceTree = "<group>"; };
		0424DAB01F58F8F600F5CAD2 /* NSString+RACKeyPathUtilities.h */ = {isa = PBXFileReference; fileEncoding = 4; lastKnownFileType = sourcecode.c.h; path = "NSString+RACKeyPathUtilities.h"; sourceTree = "<group>"; };
		0424DAB11F58F8F600F5CAD2 /* NSString+RACKeyPathUtilities.m */ = {isa = PBXFileReference; fileEncoding = 4; lastKnownFileType = sourcecode.c.objc; path = "NSString+RACKeyPathUtilities.m"; sourceTree = "<group>"; };
		0424DAB21F58F8F600F5CAD2 /* NSString+RACSequenceAdditions.h */ = {isa = PBXFileReference; fileEncoding = 4; lastKnownFileType = sourcecode.c.h; path = "NSString+RACSequenceAdditions.h"; sourceTree = "<group>"; };
		0424DAB31F58F8F600F5CAD2 /* NSString+RACSequenceAdditions.m */ = {isa = PBXFileReference; fileEncoding = 4; lastKnownFileType = sourcecode.c.objc; path = "NSString+RACSequenceAdditions.m"; sourceTree = "<group>"; };
		0424DAB41F58F8F600F5CAD2 /* NSString+RACSupport.h */ = {isa = PBXFileReference; fileEncoding = 4; lastKnownFileType = sourcecode.c.h; path = "NSString+RACSupport.h"; sourceTree = "<group>"; };
		0424DAB51F58F8F600F5CAD2 /* NSString+RACSupport.m */ = {isa = PBXFileReference; fileEncoding = 4; lastKnownFileType = sourcecode.c.objc; path = "NSString+RACSupport.m"; sourceTree = "<group>"; };
		0424DAB61F58F8F600F5CAD2 /* NSURLConnection+RACSupport.h */ = {isa = PBXFileReference; fileEncoding = 4; lastKnownFileType = sourcecode.c.h; path = "NSURLConnection+RACSupport.h"; sourceTree = "<group>"; };
		0424DAB71F58F8F600F5CAD2 /* NSURLConnection+RACSupport.m */ = {isa = PBXFileReference; fileEncoding = 4; lastKnownFileType = sourcecode.c.objc; path = "NSURLConnection+RACSupport.m"; sourceTree = "<group>"; };
		0424DAB81F58F8F600F5CAD2 /* NSUserDefaults+RACSupport.h */ = {isa = PBXFileReference; fileEncoding = 4; lastKnownFileType = sourcecode.c.h; path = "NSUserDefaults+RACSupport.h"; sourceTree = "<group>"; };
		0424DAB91F58F8F600F5CAD2 /* NSUserDefaults+RACSupport.m */ = {isa = PBXFileReference; fileEncoding = 4; lastKnownFileType = sourcecode.c.objc; path = "NSUserDefaults+RACSupport.m"; sourceTree = "<group>"; };
		0424DABA1F58F8F600F5CAD2 /* RACArraySequence.h */ = {isa = PBXFileReference; fileEncoding = 4; lastKnownFileType = sourcecode.c.h; path = RACArraySequence.h; sourceTree = "<group>"; };
		0424DABB1F58F8F600F5CAD2 /* RACArraySequence.m */ = {isa = PBXFileReference; fileEncoding = 4; lastKnownFileType = sourcecode.c.objc; path = RACArraySequence.m; sourceTree = "<group>"; };
		0424DABC1F58F8F600F5CAD2 /* RACBehaviorSubject.h */ = {isa = PBXFileReference; fileEncoding = 4; lastKnownFileType = sourcecode.c.h; path = RACBehaviorSubject.h; sourceTree = "<group>"; };
		0424DABD1F58F8F600F5CAD2 /* RACBehaviorSubject.m */ = {isa = PBXFileReference; fileEncoding = 4; lastKnownFileType = sourcecode.c.objc; path = RACBehaviorSubject.m; sourceTree = "<group>"; };
		0424DABE1F58F8F600F5CAD2 /* RACBlockTrampoline.h */ = {isa = PBXFileReference; fileEncoding = 4; lastKnownFileType = sourcecode.c.h; path = RACBlockTrampoline.h; sourceTree = "<group>"; };
		0424DABF1F58F8F600F5CAD2 /* RACBlockTrampoline.m */ = {isa = PBXFileReference; fileEncoding = 4; lastKnownFileType = sourcecode.c.objc; path = RACBlockTrampoline.m; sourceTree = "<group>"; };
		0424DAC01F58F8F600F5CAD2 /* RACChannel.h */ = {isa = PBXFileReference; fileEncoding = 4; lastKnownFileType = sourcecode.c.h; path = RACChannel.h; sourceTree = "<group>"; };
		0424DAC11F58F8F600F5CAD2 /* RACChannel.m */ = {isa = PBXFileReference; fileEncoding = 4; lastKnownFileType = sourcecode.c.objc; path = RACChannel.m; sourceTree = "<group>"; };
		0424DAC21F58F8F600F5CAD2 /* RACCommand.h */ = {isa = PBXFileReference; fileEncoding = 4; lastKnownFileType = sourcecode.c.h; path = RACCommand.h; sourceTree = "<group>"; };
		0424DAC31F58F8F600F5CAD2 /* RACCommand.m */ = {isa = PBXFileReference; fileEncoding = 4; lastKnownFileType = sourcecode.c.objc; path = RACCommand.m; sourceTree = "<group>"; };
		0424DAC41F58F8F600F5CAD2 /* RACCompoundDisposable.h */ = {isa = PBXFileReference; fileEncoding = 4; lastKnownFileType = sourcecode.c.h; path = RACCompoundDisposable.h; sourceTree = "<group>"; };
		0424DAC51F58F8F600F5CAD2 /* RACCompoundDisposable.m */ = {isa = PBXFileReference; fileEncoding = 4; lastKnownFileType = sourcecode.c.objc; path = RACCompoundDisposable.m; sourceTree = "<group>"; };
		0424DAC61F58F8F600F5CAD2 /* RACCompoundDisposableProvider.d */ = {isa = PBXFileReference; fileEncoding = 4; lastKnownFileType = sourcecode.dtrace; path = RACCompoundDisposableProvider.d; sourceTree = "<group>"; };
		0424DAC71F58F8F600F5CAD2 /* RACDelegateProxy.h */ = {isa = PBXFileReference; fileEncoding = 4; lastKnownFileType = sourcecode.c.h; path = RACDelegateProxy.h; sourceTree = "<group>"; };
		0424DAC81F58F8F600F5CAD2 /* RACDelegateProxy.m */ = {isa = PBXFileReference; fileEncoding = 4; lastKnownFileType = sourcecode.c.objc; path = RACDelegateProxy.m; sourceTree = "<group>"; };
		0424DAC91F58F8F600F5CAD2 /* RACDisposable.h */ = {isa = PBXFileReference; fileEncoding = 4; lastKnownFileType = sourcecode.c.h; path = RACDisposable.h; sourceTree = "<group>"; };
		0424DACA1F58F8F600F5CAD2 /* RACDisposable.m */ = {isa = PBXFileReference; fileEncoding = 4; lastKnownFileType = sourcecode.c.objc; path = RACDisposable.m; sourceTree = "<group>"; };
		0424DACB1F58F8F600F5CAD2 /* RACDynamicSequence.h */ = {isa = PBXFileReference; fileEncoding = 4; lastKnownFileType = sourcecode.c.h; path = RACDynamicSequence.h; sourceTree = "<group>"; };
		0424DACC1F58F8F600F5CAD2 /* RACDynamicSequence.m */ = {isa = PBXFileReference; fileEncoding = 4; lastKnownFileType = sourcecode.c.objc; path = RACDynamicSequence.m; sourceTree = "<group>"; };
		0424DACD1F58F8F600F5CAD2 /* RACDynamicSignal.h */ = {isa = PBXFileReference; fileEncoding = 4; lastKnownFileType = sourcecode.c.h; path = RACDynamicSignal.h; sourceTree = "<group>"; };
		0424DACE1F58F8F600F5CAD2 /* RACDynamicSignal.m */ = {isa = PBXFileReference; fileEncoding = 4; lastKnownFileType = sourcecode.c.objc; path = RACDynamicSignal.m; sourceTree = "<group>"; };
		0424DACF1F58F8F600F5CAD2 /* RACEagerSequence.h */ = {isa = PBXFileReference; fileEncoding = 4; lastKnownFileType = sourcecode.c.h; path = RACEagerSequence.h; sourceTree = "<group>"; };
		0424DAD01F58F8F600F5CAD2 /* RACEagerSequence.m */ = {isa = PBXFileReference; fileEncoding = 4; lastKnownFileType = sourcecode.c.objc; path = RACEagerSequence.m; sourceTree = "<group>"; };
		0424DAD11F58F8F600F5CAD2 /* RACEmptySequence.h */ = {isa = PBXFileReference; fileEncoding = 4; lastKnownFileType = sourcecode.c.h; path = RACEmptySequence.h; sourceTree = "<group>"; };
		0424DAD21F58F8F600F5CAD2 /* RACEmptySequence.m */ = {isa = PBXFileReference; fileEncoding = 4; lastKnownFileType = sourcecode.c.objc; path = RACEmptySequence.m; sourceTree = "<group>"; };
		0424DAD31F58F8F600F5CAD2 /* RACEmptySignal.h */ = {isa = PBXFileReference; fileEncoding = 4; lastKnownFileType = sourcecode.c.h; path = RACEmptySignal.h; sourceTree = "<group>"; };
		0424DAD41F58F8F600F5CAD2 /* RACEmptySignal.m */ = {isa = PBXFileReference; fileEncoding = 4; lastKnownFileType = sourcecode.c.objc; path = RACEmptySignal.m; sourceTree = "<group>"; };
		0424DAD51F58F8F600F5CAD2 /* RACErrorSignal.h */ = {isa = PBXFileReference; fileEncoding = 4; lastKnownFileType = sourcecode.c.h; path = RACErrorSignal.h; sourceTree = "<group>"; };
		0424DAD61F58F8F600F5CAD2 /* RACErrorSignal.m */ = {isa = PBXFileReference; fileEncoding = 4; lastKnownFileType = sourcecode.c.objc; path = RACErrorSignal.m; sourceTree = "<group>"; };
		0424DAD71F58F8F600F5CAD2 /* RACEvent.h */ = {isa = PBXFileReference; fileEncoding = 4; lastKnownFileType = sourcecode.c.h; path = RACEvent.h; sourceTree = "<group>"; };
		0424DAD81F58F8F600F5CAD2 /* RACEvent.m */ = {isa = PBXFileReference; fileEncoding = 4; lastKnownFileType = sourcecode.c.objc; path = RACEvent.m; sourceTree = "<group>"; };
		0424DAD91F58F8F600F5CAD2 /* RACGroupedSignal.h */ = {isa = PBXFileReference; fileEncoding = 4; lastKnownFileType = sourcecode.c.h; path = RACGroupedSignal.h; sourceTree = "<group>"; };
		0424DADA1F58F8F600F5CAD2 /* RACGroupedSignal.m */ = {isa = PBXFileReference; fileEncoding = 4; lastKnownFileType = sourcecode.c.objc; path = RACGroupedSignal.m; sourceTree = "<group>"; };
		0424DADB1F58F8F600F5CAD2 /* RACImmediateScheduler.h */ = {isa = PBXFileReference; fileEncoding = 4; lastKnownFileType = sourcecode.c.h; path = RACImmediateScheduler.h; sourceTree = "<group>"; };
		0424DADC1F58F8F600F5CAD2 /* RACImmediateScheduler.m */ = {isa = PBXFileReference; fileEncoding = 4; lastKnownFileType = sourcecode.c.objc; path = RACImmediateScheduler.m; sourceTree = "<group>"; };
		0424DADD1F58F8F600F5CAD2 /* RACIndexSetSequence.h */ = {isa = PBXFileReference; fileEncoding = 4; lastKnownFileType = sourcecode.c.h; path = RACIndexSetSequence.h; sourceTree = "<group>"; };
		0424DADE1F58F8F600F5CAD2 /* RACIndexSetSequence.m */ = {isa = PBXFileReference; fileEncoding = 4; lastKnownFileType = sourcecode.c.objc; path = RACIndexSetSequence.m; sourceTree = "<group>"; };
		0424DADF1F58F8F600F5CAD2 /* RACKVOChannel.h */ = {isa = PBXFileReference; fileEncoding = 4; lastKnownFileType = sourcecode.c.h; path = RACKVOChannel.h; sourceTree = "<group>"; };
		0424DAE01F58F8F600F5CAD2 /* RACKVOChannel.m */ = {isa = PBXFileReference; fileEncoding = 4; lastKnownFileType = sourcecode.c.objc; path = RACKVOChannel.m; sourceTree = "<group>"; };
		0424DAE11F58F8F600F5CAD2 /* RACKVOProxy.h */ = {isa = PBXFileReference; fileEncoding = 4; lastKnownFileType = sourcecode.c.h; path = RACKVOProxy.h; sourceTree = "<group>"; };
		0424DAE21F58F8F600F5CAD2 /* RACKVOProxy.m */ = {isa = PBXFileReference; fileEncoding = 4; lastKnownFileType = sourcecode.c.objc; path = RACKVOProxy.m; sourceTree = "<group>"; };
		0424DAE31F58F8F600F5CAD2 /* RACKVOTrampoline.h */ = {isa = PBXFileReference; fileEncoding = 4; lastKnownFileType = sourcecode.c.h; path = RACKVOTrampoline.h; sourceTree = "<group>"; };
		0424DAE41F58F8F600F5CAD2 /* RACKVOTrampoline.m */ = {isa = PBXFileReference; fileEncoding = 4; lastKnownFileType = sourcecode.c.objc; path = RACKVOTrampoline.m; sourceTree = "<group>"; };
		0424DAE51F58F8F600F5CAD2 /* RACMulticastConnection+Private.h */ = {isa = PBXFileReference; fileEncoding = 4; lastKnownFileType = sourcecode.c.h; path = "RACMulticastConnection+Private.h"; sourceTree = "<group>"; };
		0424DAE61F58F8F600F5CAD2 /* RACMulticastConnection.h */ = {isa = PBXFileReference; fileEncoding = 4; lastKnownFileType = sourcecode.c.h; path = RACMulticastConnection.h; sourceTree = "<group>"; };
		0424DAE71F58F8F600F5CAD2 /* RACMulticastConnection.m */ = {isa = PBXFileReference; fileEncoding = 4; lastKnownFileType = sourcecode.c.objc; path = RACMulticastConnection.m; sourceTree = "<group>"; };
		0424DAE81F58F8F600F5CAD2 /* RACObjCRuntime.h */ = {isa = PBXFileReference; fileEncoding = 4; lastKnownFileType = sourcecode.c.h; path = RACObjCRuntime.h; sourceTree = "<group>"; };
		0424DAE91F58F8F600F5CAD2 /* RACObjCRuntime.m */ = {isa = PBXFileReference; fileEncoding = 4; lastKnownFileType = sourcecode.c.objc; path = RACObjCRuntime.m; sourceTree = "<group>"; };
		0424DAEA1F58F8F600F5CAD2 /* RACPassthroughSubscriber.h */ = {isa = PBXFileReference; fileEncoding = 4; lastKnownFileType = sourcecode.c.h; path = RACPassthroughSubscriber.h; sourceTree = "<group>"; };
		0424DAEB1F58F8F600F5CAD2 /* RACPassthroughSubscriber.m */ = {isa = PBXFileReference; fileEncoding = 4; lastKnownFileType = sourcecode.c.objc; path = RACPassthroughSubscriber.m; sourceTree = "<group>"; };
		0424DAEC1F58F8F600F5CAD2 /* RACQueueScheduler+Subclass.h */ = {isa = PBXFileReference; fileEncoding = 4; lastKnownFileType = sourcecode.c.h; path = "RACQueueScheduler+Subclass.h"; sourceTree = "<group>"; };
		0424DAED1F58F8F600F5CAD2 /* RACQueueScheduler.h */ = {isa = PBXFileReference; fileEncoding = 4; lastKnownFileType = sourcecode.c.h; path = RACQueueScheduler.h; sourceTree = "<group>"; };
		0424DAEE1F58F8F600F5CAD2 /* RACQueueScheduler.m */ = {isa = PBXFileReference; fileEncoding = 4; lastKnownFileType = sourcecode.c.objc; path = RACQueueScheduler.m; sourceTree = "<group>"; };
		0424DAEF1F58F8F600F5CAD2 /* RACReplaySubject.h */ = {isa = PBXFileReference; fileEncoding = 4; lastKnownFileType = sourcecode.c.h; path = RACReplaySubject.h; sourceTree = "<group>"; };
		0424DAF01F58F8F600F5CAD2 /* RACReplaySubject.m */ = {isa = PBXFileReference; fileEncoding = 4; lastKnownFileType = sourcecode.c.objc; path = RACReplaySubject.m; sourceTree = "<group>"; };
		0424DAF11F58F8F600F5CAD2 /* RACReturnSignal.h */ = {isa = PBXFileReference; fileEncoding = 4; lastKnownFileType = sourcecode.c.h; path = RACReturnSignal.h; sourceTree = "<group>"; };
		0424DAF21F58F8F600F5CAD2 /* RACReturnSignal.m */ = {isa = PBXFileReference; fileEncoding = 4; lastKnownFileType = sourcecode.c.objc; path = RACReturnSignal.m; sourceTree = "<group>"; };
		0424DAF31F58F8F600F5CAD2 /* RACScheduler+Private.h */ = {isa = PBXFileReference; fileEncoding = 4; lastKnownFileType = sourcecode.c.h; path = "RACScheduler+Private.h"; sourceTree = "<group>"; };
		0424DAF41F58F8F600F5CAD2 /* RACScheduler+Subclass.h */ = {isa = PBXFileReference; fileEncoding = 4; lastKnownFileType = sourcecode.c.h; path = "RACScheduler+Subclass.h"; sourceTree = "<group>"; };
		0424DAF51F58F8F600F5CAD2 /* RACScheduler.h */ = {isa = PBXFileReference; fileEncoding = 4; lastKnownFileType = sourcecode.c.h; path = RACScheduler.h; sourceTree = "<group>"; };
		0424DAF61F58F8F600F5CAD2 /* RACScheduler.m */ = {isa = PBXFileReference; fileEncoding = 4; lastKnownFileType = sourcecode.c.objc; path = RACScheduler.m; sourceTree = "<group>"; };
		0424DAF71F58F8F600F5CAD2 /* RACScopedDisposable.h */ = {isa = PBXFileReference; fileEncoding = 4; lastKnownFileType = sourcecode.c.h; path = RACScopedDisposable.h; sourceTree = "<group>"; };
		0424DAF81F58F8F600F5CAD2 /* RACScopedDisposable.m */ = {isa = PBXFileReference; fileEncoding = 4; lastKnownFileType = sourcecode.c.objc; path = RACScopedDisposable.m; sourceTree = "<group>"; };
		0424DAF91F58F8F600F5CAD2 /* RACSequence.h */ = {isa = PBXFileReference; fileEncoding = 4; lastKnownFileType = sourcecode.c.h; path = RACSequence.h; sourceTree = "<group>"; };
		0424DAFA1F58F8F600F5CAD2 /* RACSequence.m */ = {isa = PBXFileReference; fileEncoding = 4; lastKnownFileType = sourcecode.c.objc; path = RACSequence.m; sourceTree = "<group>"; };
		0424DAFB1F58F8F600F5CAD2 /* RACSerialDisposable.h */ = {isa = PBXFileReference; fileEncoding = 4; lastKnownFileType = sourcecode.c.h; path = RACSerialDisposable.h; sourceTree = "<group>"; };
		0424DAFC1F58F8F600F5CAD2 /* RACSerialDisposable.m */ = {isa = PBXFileReference; fileEncoding = 4; lastKnownFileType = sourcecode.c.objc; path = RACSerialDisposable.m; sourceTree = "<group>"; };
		0424DAFD1F58F8F600F5CAD2 /* RACSignal+Operations.h */ = {isa = PBXFileReference; fileEncoding = 4; lastKnownFileType = sourcecode.c.h; path = "RACSignal+Operations.h"; sourceTree = "<group>"; };
		0424DAFE1F58F8F600F5CAD2 /* RACSignal+Operations.m */ = {isa = PBXFileReference; fileEncoding = 4; lastKnownFileType = sourcecode.c.objc; path = "RACSignal+Operations.m"; sourceTree = "<group>"; };
		0424DAFF1F58F8F600F5CAD2 /* RACSignal.h */ = {isa = PBXFileReference; fileEncoding = 4; lastKnownFileType = sourcecode.c.h; path = RACSignal.h; sourceTree = "<group>"; };
		0424DB001F58F8F600F5CAD2 /* RACSignal.m */ = {isa = PBXFileReference; fileEncoding = 4; lastKnownFileType = sourcecode.c.objc; path = RACSignal.m; sourceTree = "<group>"; };
		0424DB011F58F8F600F5CAD2 /* RACSignalProvider.d */ = {isa = PBXFileReference; fileEncoding = 4; lastKnownFileType = sourcecode.dtrace; path = RACSignalProvider.d; sourceTree = "<group>"; };
		0424DB021F58F8F600F5CAD2 /* RACSignalSequence.h */ = {isa = PBXFileReference; fileEncoding = 4; lastKnownFileType = sourcecode.c.h; path = RACSignalSequence.h; sourceTree = "<group>"; };
		0424DB031F58F8F600F5CAD2 /* RACSignalSequence.m */ = {isa = PBXFileReference; fileEncoding = 4; lastKnownFileType = sourcecode.c.objc; path = RACSignalSequence.m; sourceTree = "<group>"; };
		0424DB041F58F8F600F5CAD2 /* RACStream+Private.h */ = {isa = PBXFileReference; fileEncoding = 4; lastKnownFileType = sourcecode.c.h; path = "RACStream+Private.h"; sourceTree = "<group>"; };
		0424DB051F58F8F600F5CAD2 /* RACStream.h */ = {isa = PBXFileReference; fileEncoding = 4; lastKnownFileType = sourcecode.c.h; path = RACStream.h; sourceTree = "<group>"; };
		0424DB061F58F8F600F5CAD2 /* RACStream.m */ = {isa = PBXFileReference; fileEncoding = 4; lastKnownFileType = sourcecode.c.objc; path = RACStream.m; sourceTree = "<group>"; };
		0424DB071F58F8F600F5CAD2 /* RACStringSequence.h */ = {isa = PBXFileReference; fileEncoding = 4; lastKnownFileType = sourcecode.c.h; path = RACStringSequence.h; sourceTree = "<group>"; };
		0424DB081F58F8F600F5CAD2 /* RACStringSequence.m */ = {isa = PBXFileReference; fileEncoding = 4; lastKnownFileType = sourcecode.c.objc; path = RACStringSequence.m; sourceTree = "<group>"; };
		0424DB091F58F8F600F5CAD2 /* RACSubject.h */ = {isa = PBXFileReference; fileEncoding = 4; lastKnownFileType = sourcecode.c.h; path = RACSubject.h; sourceTree = "<group>"; };
		0424DB0A1F58F8F600F5CAD2 /* RACSubject.m */ = {isa = PBXFileReference; fileEncoding = 4; lastKnownFileType = sourcecode.c.objc; path = RACSubject.m; sourceTree = "<group>"; };
		0424DB0B1F58F8F600F5CAD2 /* RACSubscriber+Private.h */ = {isa = PBXFileReference; fileEncoding = 4; lastKnownFileType = sourcecode.c.h; path = "RACSubscriber+Private.h"; sourceTree = "<group>"; };
		0424DB0C1F58F8F600F5CAD2 /* RACSubscriber.h */ = {isa = PBXFileReference; fileEncoding = 4; lastKnownFileType = sourcecode.c.h; path = RACSubscriber.h; sourceTree = "<group>"; };
		0424DB0D1F58F8F600F5CAD2 /* RACSubscriber.m */ = {isa = PBXFileReference; fileEncoding = 4; lastKnownFileType = sourcecode.c.objc; path = RACSubscriber.m; sourceTree = "<group>"; };
		0424DB0E1F58F8F600F5CAD2 /* RACSubscriptingAssignmentTrampoline.h */ = {isa = PBXFileReference; fileEncoding = 4; lastKnownFileType = sourcecode.c.h; path = RACSubscriptingAssignmentTrampoline.h; sourceTree = "<group>"; };
		0424DB0F1F58F8F600F5CAD2 /* RACSubscriptingAssignmentTrampoline.m */ = {isa = PBXFileReference; fileEncoding = 4; lastKnownFileType = sourcecode.c.objc; path = RACSubscriptingAssignmentTrampoline.m; sourceTree = "<group>"; };
		0424DB101F58F8F600F5CAD2 /* RACSubscriptionScheduler.h */ = {isa = PBXFileReference; fileEncoding = 4; lastKnownFileType = sourcecode.c.h; path = RACSubscriptionScheduler.h; sourceTree = "<group>"; };
		0424DB111F58F8F600F5CAD2 /* RACSubscriptionScheduler.m */ = {isa = PBXFileReference; fileEncoding = 4; lastKnownFileType = sourcecode.c.objc; path = RACSubscriptionScheduler.m; sourceTree = "<group>"; };
		0424DB121F58F8F600F5CAD2 /* RACTargetQueueScheduler.h */ = {isa = PBXFileReference; fileEncoding = 4; lastKnownFileType = sourcecode.c.h; path = RACTargetQueueScheduler.h; sourceTree = "<group>"; };
		0424DB131F58F8F600F5CAD2 /* RACTargetQueueScheduler.m */ = {isa = PBXFileReference; fileEncoding = 4; lastKnownFileType = sourcecode.c.objc; path = RACTargetQueueScheduler.m; sourceTree = "<group>"; };
		0424DB141F58F8F600F5CAD2 /* RACTestScheduler.h */ = {isa = PBXFileReference; fileEncoding = 4; lastKnownFileType = sourcecode.c.h; path = RACTestScheduler.h; sourceTree = "<group>"; };
		0424DB151F58F8F600F5CAD2 /* RACTestScheduler.m */ = {isa = PBXFileReference; fileEncoding = 4; lastKnownFileType = sourcecode.c.objc; path = RACTestScheduler.m; sourceTree = "<group>"; };
		0424DB161F58F8F600F5CAD2 /* RACTuple.h */ = {isa = PBXFileReference; fileEncoding = 4; lastKnownFileType = sourcecode.c.h; path = RACTuple.h; sourceTree = "<group>"; };
		0424DB171F58F8F600F5CAD2 /* RACTuple.m */ = {isa = PBXFileReference; fileEncoding = 4; lastKnownFileType = sourcecode.c.objc; path = RACTuple.m; sourceTree = "<group>"; };
		0424DB181F58F8F600F5CAD2 /* RACTupleSequence.h */ = {isa = PBXFileReference; fileEncoding = 4; lastKnownFileType = sourcecode.c.h; path = RACTupleSequence.h; sourceTree = "<group>"; };
		0424DB191F58F8F600F5CAD2 /* RACTupleSequence.m */ = {isa = PBXFileReference; fileEncoding = 4; lastKnownFileType = sourcecode.c.objc; path = RACTupleSequence.m; sourceTree = "<group>"; };
		0424DB1A1F58F8F600F5CAD2 /* RACUnarySequence.h */ = {isa = PBXFileReference; fileEncoding = 4; lastKnownFileType = sourcecode.c.h; path = RACUnarySequence.h; sourceTree = "<group>"; };
		0424DB1B1F58F8F600F5CAD2 /* RACUnarySequence.m */ = {isa = PBXFileReference; fileEncoding = 4; lastKnownFileType = sourcecode.c.objc; path = RACUnarySequence.m; sourceTree = "<group>"; };
		0424DB1C1F58F8F600F5CAD2 /* RACUnit.h */ = {isa = PBXFileReference; fileEncoding = 4; lastKnownFileType = sourcecode.c.h; path = RACUnit.h; sourceTree = "<group>"; };
		0424DB1D1F58F8F600F5CAD2 /* RACUnit.m */ = {isa = PBXFileReference; fileEncoding = 4; lastKnownFileType = sourcecode.c.objc; path = RACUnit.m; sourceTree = "<group>"; };
		0424DB1E1F58F8F600F5CAD2 /* RACValueTransformer.h */ = {isa = PBXFileReference; fileEncoding = 4; lastKnownFileType = sourcecode.c.h; path = RACValueTransformer.h; sourceTree = "<group>"; };
		0424DB1F1F58F8F600F5CAD2 /* RACValueTransformer.m */ = {isa = PBXFileReference; fileEncoding = 4; lastKnownFileType = sourcecode.c.objc; path = RACValueTransformer.m; sourceTree = "<group>"; };
		0424DB201F58F8F600F5CAD2 /* ReactiveCocoa.h */ = {isa = PBXFileReference; fileEncoding = 4; lastKnownFileType = sourcecode.c.h; path = ReactiveCocoa.h; sourceTree = "<group>"; };
		0424DB211F58F8F600F5CAD2 /* UIActionSheet+RACSignalSupport.h */ = {isa = PBXFileReference; fileEncoding = 4; lastKnownFileType = sourcecode.c.h; path = "UIActionSheet+RACSignalSupport.h"; sourceTree = "<group>"; };
		0424DB221F58F8F600F5CAD2 /* UIActionSheet+RACSignalSupport.m */ = {isa = PBXFileReference; fileEncoding = 4; lastKnownFileType = sourcecode.c.objc; path = "UIActionSheet+RACSignalSupport.m"; sourceTree = "<group>"; };
		0424DB231F58F8F600F5CAD2 /* UIAlertView+RACSignalSupport.h */ = {isa = PBXFileReference; fileEncoding = 4; lastKnownFileType = sourcecode.c.h; path = "UIAlertView+RACSignalSupport.h"; sourceTree = "<group>"; };
		0424DB241F58F8F600F5CAD2 /* UIAlertView+RACSignalSupport.m */ = {isa = PBXFileReference; fileEncoding = 4; lastKnownFileType = sourcecode.c.objc; path = "UIAlertView+RACSignalSupport.m"; sourceTree = "<group>"; };
		0424DB251F58F8F600F5CAD2 /* UIBarButtonItem+RACCommandSupport.h */ = {isa = PBXFileReference; fileEncoding = 4; lastKnownFileType = sourcecode.c.h; path = "UIBarButtonItem+RACCommandSupport.h"; sourceTree = "<group>"; };
		0424DB261F58F8F600F5CAD2 /* UIBarButtonItem+RACCommandSupport.m */ = {isa = PBXFileReference; fileEncoding = 4; lastKnownFileType = sourcecode.c.objc; path = "UIBarButtonItem+RACCommandSupport.m"; sourceTree = "<group>"; };
		0424DB271F58F8F600F5CAD2 /* UIButton+RACCommandSupport.h */ = {isa = PBXFileReference; fileEncoding = 4; lastKnownFileType = sourcecode.c.h; path = "UIButton+RACCommandSupport.h"; sourceTree = "<group>"; };
		0424DB281F58F8F600F5CAD2 /* UIButton+RACCommandSupport.m */ = {isa = PBXFileReference; fileEncoding = 4; lastKnownFileType = sourcecode.c.objc; path = "UIButton+RACCommandSupport.m"; sourceTree = "<group>"; };
		0424DB291F58F8F600F5CAD2 /* UICollectionReusableView+RACSignalSupport.h */ = {isa = PBXFileReference; fileEncoding = 4; lastKnownFileType = sourcecode.c.h; path = "UICollectionReusableView+RACSignalSupport.h"; sourceTree = "<group>"; };
		0424DB2A1F58F8F600F5CAD2 /* UICollectionReusableView+RACSignalSupport.m */ = {isa = PBXFileReference; fileEncoding = 4; lastKnownFileType = sourcecode.c.objc; path = "UICollectionReusableView+RACSignalSupport.m"; sourceTree = "<group>"; };
		0424DB2B1F58F8F600F5CAD2 /* UIControl+RACSignalSupport.h */ = {isa = PBXFileReference; fileEncoding = 4; lastKnownFileType = sourcecode.c.h; path = "UIControl+RACSignalSupport.h"; sourceTree = "<group>"; };
		0424DB2C1F58F8F600F5CAD2 /* UIControl+RACSignalSupport.m */ = {isa = PBXFileReference; fileEncoding = 4; lastKnownFileType = sourcecode.c.objc; path = "UIControl+RACSignalSupport.m"; sourceTree = "<group>"; };
		0424DB2D1F58F8F600F5CAD2 /* UIControl+RACSignalSupportPrivate.h */ = {isa = PBXFileReference; fileEncoding = 4; lastKnownFileType = sourcecode.c.h; path = "UIControl+RACSignalSupportPrivate.h"; sourceTree = "<group>"; };
		0424DB2E1F58F8F600F5CAD2 /* UIControl+RACSignalSupportPrivate.m */ = {isa = PBXFileReference; fileEncoding = 4; lastKnownFileType = sourcecode.c.objc; path = "UIControl+RACSignalSupportPrivate.m"; sourceTree = "<group>"; };
		0424DB2F1F58F8F600F5CAD2 /* UIDatePicker+RACSignalSupport.h */ = {isa = PBXFileReference; fileEncoding = 4; lastKnownFileType = sourcecode.c.h; path = "UIDatePicker+RACSignalSupport.h"; sourceTree = "<group>"; };
		0424DB301F58F8F600F5CAD2 /* UIDatePicker+RACSignalSupport.m */ = {isa = PBXFileReference; fileEncoding = 4; lastKnownFileType = sourcecode.c.objc; path = "UIDatePicker+RACSignalSupport.m"; sourceTree = "<group>"; };
		0424DB311F58F8F600F5CAD2 /* UIGestureRecognizer+RACSignalSupport.h */ = {isa = PBXFileReference; fileEncoding = 4; lastKnownFileType = sourcecode.c.h; path = "UIGestureRecognizer+RACSignalSupport.h"; sourceTree = "<group>"; };
		0424DB321F58F8F600F5CAD2 /* UIGestureRecognizer+RACSignalSupport.m */ = {isa = PBXFileReference; fileEncoding = 4; lastKnownFileType = sourcecode.c.objc; path = "UIGestureRecognizer+RACSignalSupport.m"; sourceTree = "<group>"; };
		0424DB331F58F8F600F5CAD2 /* UIImagePickerController+RACSignalSupport.h */ = {isa = PBXFileReference; fileEncoding = 4; lastKnownFileType = sourcecode.c.h; path = "UIImagePickerController+RACSignalSupport.h"; sourceTree = "<group>"; };
		0424DB341F58F8F600F5CAD2 /* UIImagePickerController+RACSignalSupport.m */ = {isa = PBXFileReference; fileEncoding = 4; lastKnownFileType = sourcecode.c.objc; path = "UIImagePickerController+RACSignalSupport.m"; sourceTree = "<group>"; };
		0424DB351F58F8F600F5CAD2 /* UIRefreshControl+RACCommandSupport.h */ = {isa = PBXFileReference; fileEncoding = 4; lastKnownFileType = sourcecode.c.h; path = "UIRefreshControl+RACCommandSupport.h"; sourceTree = "<group>"; };
		0424DB361F58F8F600F5CAD2 /* UIRefreshControl+RACCommandSupport.m */ = {isa = PBXFileReference; fileEncoding = 4; lastKnownFileType = sourcecode.c.objc; path = "UIRefreshControl+RACCommandSupport.m"; sourceTree = "<group>"; };
		0424DB371F58F8F600F5CAD2 /* UISegmentedControl+RACSignalSupport.h */ = {isa = PBXFileReference; fileEncoding = 4; lastKnownFileType = sourcecode.c.h; path = "UISegmentedControl+RACSignalSupport.h"; sourceTree = "<group>"; };
		0424DB381F58F8F600F5CAD2 /* UISegmentedControl+RACSignalSupport.m */ = {isa = PBXFileReference; fileEncoding = 4; lastKnownFileType = sourcecode.c.objc; path = "UISegmentedControl+RACSignalSupport.m"; sourceTree = "<group>"; };
		0424DB391F58F8F600F5CAD2 /* UISlider+RACSignalSupport.h */ = {isa = PBXFileReference; fileEncoding = 4; lastKnownFileType = sourcecode.c.h; path = "UISlider+RACSignalSupport.h"; sourceTree = "<group>"; };
		0424DB3A1F58F8F600F5CAD2 /* UISlider+RACSignalSupport.m */ = {isa = PBXFileReference; fileEncoding = 4; lastKnownFileType = sourcecode.c.objc; path = "UISlider+RACSignalSupport.m"; sourceTree = "<group>"; };
		0424DB3B1F58F8F600F5CAD2 /* UIStepper+RACSignalSupport.h */ = {isa = PBXFileReference; fileEncoding = 4; lastKnownFileType = sourcecode.c.h; path = "UIStepper+RACSignalSupport.h"; sourceTree = "<group>"; };
		0424DB3C1F58F8F600F5CAD2 /* UIStepper+RACSignalSupport.m */ = {isa = PBXFileReference; fileEncoding = 4; lastKnownFileType = sourcecode.c.objc; path = "UIStepper+RACSignalSupport.m"; sourceTree = "<group>"; };
		0424DB3D1F58F8F600F5CAD2 /* UISwitch+RACSignalSupport.h */ = {isa = PBXFileReference; fileEncoding = 4; lastKnownFileType = sourcecode.c.h; path = "UISwitch+RACSignalSupport.h"; sourceTree = "<group>"; };
		0424DB3E1F58F8F600F5CAD2 /* UISwitch+RACSignalSupport.m */ = {isa = PBXFileReference; fileEncoding = 4; lastKnownFileType = sourcecode.c.objc; path = "UISwitch+RACSignalSupport.m"; sourceTree = "<group>"; };
		0424DB3F1F58F8F600F5CAD2 /* UITableViewCell+RACSignalSupport.h */ = {isa = PBXFileReference; fileEncoding = 4; lastKnownFileType = sourcecode.c.h; path = "UITableViewCell+RACSignalSupport.h"; sourceTree = "<group>"; };
		0424DB401F58F8F600F5CAD2 /* UITableViewCell+RACSignalSupport.m */ = {isa = PBXFileReference; fileEncoding = 4; lastKnownFileType = sourcecode.c.objc; path = "UITableViewCell+RACSignalSupport.m"; sourceTree = "<group>"; };
		0424DB411F58F8F600F5CAD2 /* UITableViewHeaderFooterView+RACSignalSupport.h */ = {isa = PBXFileReference; fileEncoding = 4; lastKnownFileType = sourcecode.c.h; path = "UITableViewHeaderFooterView+RACSignalSupport.h"; sourceTree = "<group>"; };
		0424DB421F58F8F600F5CAD2 /* UITableViewHeaderFooterView+RACSignalSupport.m */ = {isa = PBXFileReference; fileEncoding = 4; lastKnownFileType = sourcecode.c.objc; path = "UITableViewHeaderFooterView+RACSignalSupport.m"; sourceTree = "<group>"; };
		0424DB431F58F8F600F5CAD2 /* UITextField+RACSignalSupport.h */ = {isa = PBXFileReference; fileEncoding = 4; lastKnownFileType = sourcecode.c.h; path = "UITextField+RACSignalSupport.h"; sourceTree = "<group>"; };
		0424DB441F58F8F600F5CAD2 /* UITextField+RACSignalSupport.m */ = {isa = PBXFileReference; fileEncoding = 4; lastKnownFileType = sourcecode.c.objc; path = "UITextField+RACSignalSupport.m"; sourceTree = "<group>"; };
		0424DB451F58F8F600F5CAD2 /* UITextView+RACSignalSupport.h */ = {isa = PBXFileReference; fileEncoding = 4; lastKnownFileType = sourcecode.c.h; path = "UITextView+RACSignalSupport.h"; sourceTree = "<group>"; };
		0424DB461F58F8F600F5CAD2 /* UITextView+RACSignalSupport.m */ = {isa = PBXFileReference; fileEncoding = 4; lastKnownFileType = sourcecode.c.objc; path = "UITextView+RACSignalSupport.m"; sourceTree = "<group>"; };
		0424DB481F58F8F600F5CAD2 /* Emoji.plist */ = {isa = PBXFileReference; fileEncoding = 4; lastKnownFileType = text.plist.xml; path = Emoji.plist; sourceTree = "<group>"; };
		0424DB4A1F58F8F600F5CAD2 /* en */ = {isa = PBXFileReference; lastKnownFileType = text.plist.strings; name = en; path = en.lproj/RongCloudKit.strings; sourceTree = "<group>"; };
		0424DB4B1F58F8F600F5CAD2 /* libopencore-amrnb.a */ = {isa = PBXFileReference; lastKnownFileType = archive.ar; path = "libopencore-amrnb.a"; sourceTree = "<group>"; };
		0424DB4C1F58F8F600F5CAD2 /* RCConfig.plist */ = {isa = PBXFileReference; fileEncoding = 4; lastKnownFileType = text.plist.xml; path = RCConfig.plist; sourceTree = "<group>"; };
		0424DB4D1F58F8F600F5CAD2 /* RongCloud.bundle */ = {isa = PBXFileReference; lastKnownFileType = "wrapper.plug-in"; path = RongCloud.bundle; sourceTree = "<group>"; };
		0424DB4E1F58F8F600F5CAD2 /* RongIMKit.framework */ = {isa = PBXFileReference; lastKnownFileType = wrapper.framework; path = RongIMKit.framework; sourceTree = "<group>"; };
		0424DB4F1F58F8F600F5CAD2 /* RongIMLib.framework */ = {isa = PBXFileReference; lastKnownFileType = wrapper.framework; path = RongIMLib.framework; sourceTree = "<group>"; };
		0424DB501F58F8F600F5CAD2 /* zh-Hans */ = {isa = PBXFileReference; lastKnownFileType = text.plist.strings; name = "zh-Hans"; path = "zh-Hans.lproj/RongCloudKit.strings"; sourceTree = "<group>"; };
		0424DBBB1F58F9DF00F5CAD2 /* RongCloudIMCenterManager.h */ = {isa = PBXFileReference; fileEncoding = 4; lastKnownFileType = sourcecode.c.h; path = RongCloudIMCenterManager.h; sourceTree = "<group>"; };
		0424DBBC1F58F9DF00F5CAD2 /* RongCloudIMCenterManager.m */ = {isa = PBXFileReference; fileEncoding = 4; lastKnownFileType = sourcecode.c.objc; path = RongCloudIMCenterManager.m; sourceTree = "<group>"; };
		0424DBBD1F58F9DF00F5CAD2 /* RongCloudIMManager.h */ = {isa = PBXFileReference; fileEncoding = 4; lastKnownFileType = sourcecode.c.h; path = RongCloudIMManager.h; sourceTree = "<group>"; };
		0424DBC01F58FABC00F5CAD2 /* libz.tbd */ = {isa = PBXFileReference; lastKnownFileType = "sourcecode.text-based-dylib-definition"; name = libz.tbd; path = usr/lib/libz.tbd; sourceTree = SDKROOT; };
		0424DBC11F58FABC00F5CAD2 /* CFNetwork.framework */ = {isa = PBXFileReference; lastKnownFileType = wrapper.framework; name = CFNetwork.framework; path = System/Library/Frameworks/CFNetwork.framework; sourceTree = SDKROOT; };
		0424DBC21F58FABC00F5CAD2 /* libstdc++.tbd */ = {isa = PBXFileReference; lastKnownFileType = "sourcecode.text-based-dylib-definition"; name = "libstdc++.tbd"; path = "usr/lib/libstdc++.tbd"; sourceTree = SDKROOT; };
		0424DBC31F58FABC00F5CAD2 /* libxml2.tbd */ = {isa = PBXFileReference; lastKnownFileType = "sourcecode.text-based-dylib-definition"; name = libxml2.tbd; path = usr/lib/libxml2.tbd; sourceTree = SDKROOT; };
		0424DBC41F58FABC00F5CAD2 /* libc++abi.tbd */ = {isa = PBXFileReference; lastKnownFileType = "sourcecode.text-based-dylib-definition"; name = "libc++abi.tbd"; path = "usr/lib/libc++abi.tbd"; sourceTree = SDKROOT; };
		0424DBC51F58FABC00F5CAD2 /* libc++.tbd */ = {isa = PBXFileReference; lastKnownFileType = "sourcecode.text-based-dylib-definition"; name = "libc++.tbd"; path = "usr/lib/libc++.tbd"; sourceTree = SDKROOT; };
		0424DBC61F58FABC00F5CAD2 /* AudioToolbox.framework */ = {isa = PBXFileReference; lastKnownFileType = wrapper.framework; name = AudioToolbox.framework; path = System/Library/Frameworks/AudioToolbox.framework; sourceTree = SDKROOT; };
		0424DBC71F58FABC00F5CAD2 /* AssetsLibrary.framework */ = {isa = PBXFileReference; lastKnownFileType = wrapper.framework; name = AssetsLibrary.framework; path = System/Library/Frameworks/AssetsLibrary.framework; sourceTree = SDKROOT; };
		0424DBC81F58FABC00F5CAD2 /* libsqlite3.tbd */ = {isa = PBXFileReference; lastKnownFileType = "sourcecode.text-based-dylib-definition"; name = libsqlite3.tbd; path = usr/lib/libsqlite3.tbd; sourceTree = SDKROOT; };
/* End PBXFileReference section */

/* Begin PBXFrameworksBuildPhase section */
		0424DA661F58F86B00F5CAD2 /* Frameworks */ = {
			isa = PBXFrameworksBuildPhase;
			buildActionMask = 2147483647;
			files = (
				0424DBC91F58FABC00F5CAD2 /* libz.tbd in Frameworks */,
				0424DBCA1F58FABC00F5CAD2 /* CFNetwork.framework in Frameworks */,
				0424DBCB1F58FABC00F5CAD2 /* libstdc++.tbd in Frameworks */,
				0424DBCC1F58FABC00F5CAD2 /* libxml2.tbd in Frameworks */,
				0424DBCD1F58FABC00F5CAD2 /* libc++abi.tbd in Frameworks */,
				0424DBCE1F58FABC00F5CAD2 /* libc++.tbd in Frameworks */,
				0424DBCF1F58FABC00F5CAD2 /* AudioToolbox.framework in Frameworks */,
				0424DBD01F58FABC00F5CAD2 /* AssetsLibrary.framework in Frameworks */,
				0424DBD11F58FABC00F5CAD2 /* libsqlite3.tbd in Frameworks */,
				0424DBB21F58F8F600F5CAD2 /* libopencore-amrnb.a in Frameworks */,
				0424DBB61F58F8F600F5CAD2 /* RongIMLib.framework in Frameworks */,
				0424DBB51F58F8F600F5CAD2 /* RongIMKit.framework in Frameworks */,
			);
			runOnlyForDeploymentPostprocessing = 0;
		};
/* End PBXFrameworksBuildPhase section */

/* Begin PBXGroup section */
		0424DA601F58F86B00F5CAD2 = {
			isa = PBXGroup;
			children = (
				0424DA6B1F58F86B00F5CAD2 /* RongCloudManager */,
				0424DA6A1F58F86B00F5CAD2 /* Products */,
				0424DBBF1F58FABC00F5CAD2 /* Frameworks */,
			);
			sourceTree = "<group>";
		};
		0424DA6A1F58F86B00F5CAD2 /* Products */ = {
			isa = PBXGroup;
			children = (
				0424DA691F58F86B00F5CAD2 /* RongCloudManager.app */,
			);
			name = Products;
			sourceTree = "<group>";
		};
		0424DA6B1F58F86B00F5CAD2 /* RongCloudManager */ = {
			isa = PBXGroup;
			children = (
				0424DBBA1F58F9DF00F5CAD2 /* Source */,
				0424DA831F58F8F600F5CAD2 /* DataModel */,
				0424DA861F58F8F600F5CAD2 /* Lib */,
				0424DA6F1F58F86B00F5CAD2 /* AppDelegate.h */,
				0424DA701F58F86B00F5CAD2 /* AppDelegate.m */,
				0424DA721F58F86B00F5CAD2 /* ViewController.h */,
				0424DA731F58F86B00F5CAD2 /* ViewController.m */,
				0424DA751F58F86B00F5CAD2 /* Main.storyboard */,
				0424DA781F58F86B00F5CAD2 /* Assets.xcassets */,
				0424DA7A1F58F86B00F5CAD2 /* LaunchScreen.storyboard */,
				0424DA7D1F58F86B00F5CAD2 /* Info.plist */,
				0424DA6C1F58F86B00F5CAD2 /* Supporting Files */,
			);
			path = RongCloudManager;
			sourceTree = "<group>";
		};
		0424DA6C1F58F86B00F5CAD2 /* Supporting Files */ = {
			isa = PBXGroup;
			children = (
				0424DA6D1F58F86B00F5CAD2 /* main.m */,
			);
			name = "Supporting Files";
			sourceTree = "<group>";
		};
		0424DA831F58F8F600F5CAD2 /* DataModel */ = {
			isa = PBXGroup;
			children = (
				0424DA841F58F8F600F5CAD2 /* RongCloudIMDataRequest.h */,
				0424DA851F58F8F600F5CAD2 /* RongCloudIMDataRequest.m */,
			);
			path = DataModel;
			sourceTree = "<group>";
		};
		0424DA861F58F8F600F5CAD2 /* Lib */ = {
			isa = PBXGroup;
			children = (
				0424DA871F58F8F600F5CAD2 /* ReactiveCocoa */,
				0424DB471F58F8F600F5CAD2 /* RongCloudIM */,
			);
			path = Lib;
			sourceTree = "<group>";
		};
		0424DA871F58F8F600F5CAD2 /* ReactiveCocoa */ = {
			isa = PBXGroup;
			children = (
				0424DA881F58F8F600F5CAD2 /* extobjc */,
				0424DA8E1F58F8F600F5CAD2 /* MKAnnotationView+RACSignalSupport.h */,
				0424DA8F1F58F8F600F5CAD2 /* MKAnnotationView+RACSignalSupport.m */,
				0424DA901F58F8F600F5CAD2 /* NSArray+RACSequenceAdditions.h */,
				0424DA911F58F8F600F5CAD2 /* NSArray+RACSequenceAdditions.m */,
				0424DA921F58F8F600F5CAD2 /* NSData+RACSupport.h */,
				0424DA931F58F8F600F5CAD2 /* NSData+RACSupport.m */,
				0424DA941F58F8F600F5CAD2 /* NSDictionary+RACSequenceAdditions.h */,
				0424DA951F58F8F600F5CAD2 /* NSDictionary+RACSequenceAdditions.m */,
				0424DA961F58F8F600F5CAD2 /* NSEnumerator+RACSequenceAdditions.h */,
				0424DA971F58F8F600F5CAD2 /* NSEnumerator+RACSequenceAdditions.m */,
				0424DA981F58F8F600F5CAD2 /* NSFileHandle+RACSupport.h */,
				0424DA991F58F8F600F5CAD2 /* NSFileHandle+RACSupport.m */,
				0424DA9A1F58F8F600F5CAD2 /* NSIndexSet+RACSequenceAdditions.h */,
				0424DA9B1F58F8F600F5CAD2 /* NSIndexSet+RACSequenceAdditions.m */,
				0424DA9C1F58F8F600F5CAD2 /* NSInvocation+RACTypeParsing.h */,
				0424DA9D1F58F8F600F5CAD2 /* NSInvocation+RACTypeParsing.m */,
				0424DA9E1F58F8F600F5CAD2 /* NSNotificationCenter+RACSupport.h */,
				0424DA9F1F58F8F600F5CAD2 /* NSNotificationCenter+RACSupport.m */,
				0424DAA01F58F8F600F5CAD2 /* NSObject+RACDeallocating.h */,
				0424DAA11F58F8F600F5CAD2 /* NSObject+RACDeallocating.m */,
				0424DAA21F58F8F600F5CAD2 /* NSObject+RACDescription.h */,
				0424DAA31F58F8F600F5CAD2 /* NSObject+RACDescription.m */,
				0424DAA41F58F8F600F5CAD2 /* NSObject+RACKVOWrapper.h */,
				0424DAA51F58F8F600F5CAD2 /* NSObject+RACKVOWrapper.m */,
				0424DAA61F58F8F600F5CAD2 /* NSObject+RACLifting.h */,
				0424DAA71F58F8F600F5CAD2 /* NSObject+RACLifting.m */,
				0424DAA81F58F8F600F5CAD2 /* NSObject+RACPropertySubscribing.h */,
				0424DAA91F58F8F600F5CAD2 /* NSObject+RACPropertySubscribing.m */,
				0424DAAA1F58F8F600F5CAD2 /* NSObject+RACSelectorSignal.h */,
				0424DAAB1F58F8F600F5CAD2 /* NSObject+RACSelectorSignal.m */,
				0424DAAC1F58F8F600F5CAD2 /* NSOrderedSet+RACSequenceAdditions.h */,
				0424DAAD1F58F8F600F5CAD2 /* NSOrderedSet+RACSequenceAdditions.m */,
				0424DAAE1F58F8F600F5CAD2 /* NSSet+RACSequenceAdditions.h */,
				0424DAAF1F58F8F600F5CAD2 /* NSSet+RACSequenceAdditions.m */,
				0424DAB01F58F8F600F5CAD2 /* NSString+RACKeyPathUtilities.h */,
				0424DAB11F58F8F600F5CAD2 /* NSString+RACKeyPathUtilities.m */,
				0424DAB21F58F8F600F5CAD2 /* NSString+RACSequenceAdditions.h */,
				0424DAB31F58F8F600F5CAD2 /* NSString+RACSequenceAdditions.m */,
				0424DAB41F58F8F600F5CAD2 /* NSString+RACSupport.h */,
				0424DAB51F58F8F600F5CAD2 /* NSString+RACSupport.m */,
				0424DAB61F58F8F600F5CAD2 /* NSURLConnection+RACSupport.h */,
				0424DAB71F58F8F600F5CAD2 /* NSURLConnection+RACSupport.m */,
				0424DAB81F58F8F600F5CAD2 /* NSUserDefaults+RACSupport.h */,
				0424DAB91F58F8F600F5CAD2 /* NSUserDefaults+RACSupport.m */,
				0424DABA1F58F8F600F5CAD2 /* RACArraySequence.h */,
				0424DABB1F58F8F600F5CAD2 /* RACArraySequence.m */,
				0424DABC1F58F8F600F5CAD2 /* RACBehaviorSubject.h */,
				0424DABD1F58F8F600F5CAD2 /* RACBehaviorSubject.m */,
				0424DABE1F58F8F600F5CAD2 /* RACBlockTrampoline.h */,
				0424DABF1F58F8F600F5CAD2 /* RACBlockTrampoline.m */,
				0424DAC01F58F8F600F5CAD2 /* RACChannel.h */,
				0424DAC11F58F8F600F5CAD2 /* RACChannel.m */,
				0424DAC21F58F8F600F5CAD2 /* RACCommand.h */,
				0424DAC31F58F8F600F5CAD2 /* RACCommand.m */,
				0424DAC41F58F8F600F5CAD2 /* RACCompoundDisposable.h */,
				0424DAC51F58F8F600F5CAD2 /* RACCompoundDisposable.m */,
				0424DAC61F58F8F600F5CAD2 /* RACCompoundDisposableProvider.d */,
				0424DAC71F58F8F600F5CAD2 /* RACDelegateProxy.h */,
				0424DAC81F58F8F600F5CAD2 /* RACDelegateProxy.m */,
				0424DAC91F58F8F600F5CAD2 /* RACDisposable.h */,
				0424DACA1F58F8F600F5CAD2 /* RACDisposable.m */,
				0424DACB1F58F8F600F5CAD2 /* RACDynamicSequence.h */,
				0424DACC1F58F8F600F5CAD2 /* RACDynamicSequence.m */,
				0424DACD1F58F8F600F5CAD2 /* RACDynamicSignal.h */,
				0424DACE1F58F8F600F5CAD2 /* RACDynamicSignal.m */,
				0424DACF1F58F8F600F5CAD2 /* RACEagerSequence.h */,
				0424DAD01F58F8F600F5CAD2 /* RACEagerSequence.m */,
				0424DAD11F58F8F600F5CAD2 /* RACEmptySequence.h */,
				0424DAD21F58F8F600F5CAD2 /* RACEmptySequence.m */,
				0424DAD31F58F8F600F5CAD2 /* RACEmptySignal.h */,
				0424DAD41F58F8F600F5CAD2 /* RACEmptySignal.m */,
				0424DAD51F58F8F600F5CAD2 /* RACErrorSignal.h */,
				0424DAD61F58F8F600F5CAD2 /* RACErrorSignal.m */,
				0424DAD71F58F8F600F5CAD2 /* RACEvent.h */,
				0424DAD81F58F8F600F5CAD2 /* RACEvent.m */,
				0424DAD91F58F8F600F5CAD2 /* RACGroupedSignal.h */,
				0424DADA1F58F8F600F5CAD2 /* RACGroupedSignal.m */,
				0424DADB1F58F8F600F5CAD2 /* RACImmediateScheduler.h */,
				0424DADC1F58F8F600F5CAD2 /* RACImmediateScheduler.m */,
				0424DADD1F58F8F600F5CAD2 /* RACIndexSetSequence.h */,
				0424DADE1F58F8F600F5CAD2 /* RACIndexSetSequence.m */,
				0424DADF1F58F8F600F5CAD2 /* RACKVOChannel.h */,
				0424DAE01F58F8F600F5CAD2 /* RACKVOChannel.m */,
				0424DAE11F58F8F600F5CAD2 /* RACKVOProxy.h */,
				0424DAE21F58F8F600F5CAD2 /* RACKVOProxy.m */,
				0424DAE31F58F8F600F5CAD2 /* RACKVOTrampoline.h */,
				0424DAE41F58F8F600F5CAD2 /* RACKVOTrampoline.m */,
				0424DAE51F58F8F600F5CAD2 /* RACMulticastConnection+Private.h */,
				0424DAE61F58F8F600F5CAD2 /* RACMulticastConnection.h */,
				0424DAE71F58F8F600F5CAD2 /* RACMulticastConnection.m */,
				0424DAE81F58F8F600F5CAD2 /* RACObjCRuntime.h */,
				0424DAE91F58F8F600F5CAD2 /* RACObjCRuntime.m */,
				0424DAEA1F58F8F600F5CAD2 /* RACPassthroughSubscriber.h */,
				0424DAEB1F58F8F600F5CAD2 /* RACPassthroughSubscriber.m */,
				0424DAEC1F58F8F600F5CAD2 /* RACQueueScheduler+Subclass.h */,
				0424DAED1F58F8F600F5CAD2 /* RACQueueScheduler.h */,
				0424DAEE1F58F8F600F5CAD2 /* RACQueueScheduler.m */,
				0424DAEF1F58F8F600F5CAD2 /* RACReplaySubject.h */,
				0424DAF01F58F8F600F5CAD2 /* RACReplaySubject.m */,
				0424DAF11F58F8F600F5CAD2 /* RACReturnSignal.h */,
				0424DAF21F58F8F600F5CAD2 /* RACReturnSignal.m */,
				0424DAF31F58F8F600F5CAD2 /* RACScheduler+Private.h */,
				0424DAF41F58F8F600F5CAD2 /* RACScheduler+Subclass.h */,
				0424DAF51F58F8F600F5CAD2 /* RACScheduler.h */,
				0424DAF61F58F8F600F5CAD2 /* RACScheduler.m */,
				0424DAF71F58F8F600F5CAD2 /* RACScopedDisposable.h */,
				0424DAF81F58F8F600F5CAD2 /* RACScopedDisposable.m */,
				0424DAF91F58F8F600F5CAD2 /* RACSequence.h */,
				0424DAFA1F58F8F600F5CAD2 /* RACSequence.m */,
				0424DAFB1F58F8F600F5CAD2 /* RACSerialDisposable.h */,
				0424DAFC1F58F8F600F5CAD2 /* RACSerialDisposable.m */,
				0424DAFD1F58F8F600F5CAD2 /* RACSignal+Operations.h */,
				0424DAFE1F58F8F600F5CAD2 /* RACSignal+Operations.m */,
				0424DAFF1F58F8F600F5CAD2 /* RACSignal.h */,
				0424DB001F58F8F600F5CAD2 /* RACSignal.m */,
				0424DB011F58F8F600F5CAD2 /* RACSignalProvider.d */,
				0424DB021F58F8F600F5CAD2 /* RACSignalSequence.h */,
				0424DB031F58F8F600F5CAD2 /* RACSignalSequence.m */,
				0424DB041F58F8F600F5CAD2 /* RACStream+Private.h */,
				0424DB051F58F8F600F5CAD2 /* RACStream.h */,
				0424DB061F58F8F600F5CAD2 /* RACStream.m */,
				0424DB071F58F8F600F5CAD2 /* RACStringSequence.h */,
				0424DB081F58F8F600F5CAD2 /* RACStringSequence.m */,
				0424DB091F58F8F600F5CAD2 /* RACSubject.h */,
				0424DB0A1F58F8F600F5CAD2 /* RACSubject.m */,
				0424DB0B1F58F8F600F5CAD2 /* RACSubscriber+Private.h */,
				0424DB0C1F58F8F600F5CAD2 /* RACSubscriber.h */,
				0424DB0D1F58F8F600F5CAD2 /* RACSubscriber.m */,
				0424DB0E1F58F8F600F5CAD2 /* RACSubscriptingAssignmentTrampoline.h */,
				0424DB0F1F58F8F600F5CAD2 /* RACSubscriptingAssignmentTrampoline.m */,
				0424DB101F58F8F600F5CAD2 /* RACSubscriptionScheduler.h */,
				0424DB111F58F8F600F5CAD2 /* RACSubscriptionScheduler.m */,
				0424DB121F58F8F600F5CAD2 /* RACTargetQueueScheduler.h */,
				0424DB131F58F8F600F5CAD2 /* RACTargetQueueScheduler.m */,
				0424DB141F58F8F600F5CAD2 /* RACTestScheduler.h */,
				0424DB151F58F8F600F5CAD2 /* RACTestScheduler.m */,
				0424DB161F58F8F600F5CAD2 /* RACTuple.h */,
				0424DB171F58F8F600F5CAD2 /* RACTuple.m */,
				0424DB181F58F8F600F5CAD2 /* RACTupleSequence.h */,
				0424DB191F58F8F600F5CAD2 /* RACTupleSequence.m */,
				0424DB1A1F58F8F600F5CAD2 /* RACUnarySequence.h */,
				0424DB1B1F58F8F600F5CAD2 /* RACUnarySequence.m */,
				0424DB1C1F58F8F600F5CAD2 /* RACUnit.h */,
				0424DB1D1F58F8F600F5CAD2 /* RACUnit.m */,
				0424DB1E1F58F8F600F5CAD2 /* RACValueTransformer.h */,
				0424DB1F1F58F8F600F5CAD2 /* RACValueTransformer.m */,
				0424DB201F58F8F600F5CAD2 /* ReactiveCocoa.h */,
				0424DB211F58F8F600F5CAD2 /* UIActionSheet+RACSignalSupport.h */,
				0424DB221F58F8F600F5CAD2 /* UIActionSheet+RACSignalSupport.m */,
				0424DB231F58F8F600F5CAD2 /* UIAlertView+RACSignalSupport.h */,
				0424DB241F58F8F600F5CAD2 /* UIAlertView+RACSignalSupport.m */,
				0424DB251F58F8F600F5CAD2 /* UIBarButtonItem+RACCommandSupport.h */,
				0424DB261F58F8F600F5CAD2 /* UIBarButtonItem+RACCommandSupport.m */,
				0424DB271F58F8F600F5CAD2 /* UIButton+RACCommandSupport.h */,
				0424DB281F58F8F600F5CAD2 /* UIButton+RACCommandSupport.m */,
				0424DB291F58F8F600F5CAD2 /* UICollectionReusableView+RACSignalSupport.h */,
				0424DB2A1F58F8F600F5CAD2 /* UICollectionReusableView+RACSignalSupport.m */,
				0424DB2B1F58F8F600F5CAD2 /* UIControl+RACSignalSupport.h */,
				0424DB2C1F58F8F600F5CAD2 /* UIControl+RACSignalSupport.m */,
				0424DB2D1F58F8F600F5CAD2 /* UIControl+RACSignalSupportPrivate.h */,
				0424DB2E1F58F8F600F5CAD2 /* UIControl+RACSignalSupportPrivate.m */,
				0424DB2F1F58F8F600F5CAD2 /* UIDatePicker+RACSignalSupport.h */,
				0424DB301F58F8F600F5CAD2 /* UIDatePicker+RACSignalSupport.m */,
				0424DB311F58F8F600F5CAD2 /* UIGestureRecognizer+RACSignalSupport.h */,
				0424DB321F58F8F600F5CAD2 /* UIGestureRecognizer+RACSignalSupport.m */,
				0424DB331F58F8F600F5CAD2 /* UIImagePickerController+RACSignalSupport.h */,
				0424DB341F58F8F600F5CAD2 /* UIImagePickerController+RACSignalSupport.m */,
				0424DB351F58F8F600F5CAD2 /* UIRefreshControl+RACCommandSupport.h */,
				0424DB361F58F8F600F5CAD2 /* UIRefreshControl+RACCommandSupport.m */,
				0424DB371F58F8F600F5CAD2 /* UISegmentedControl+RACSignalSupport.h */,
				0424DB381F58F8F600F5CAD2 /* UISegmentedControl+RACSignalSupport.m */,
				0424DB391F58F8F600F5CAD2 /* UISlider+RACSignalSupport.h */,
				0424DB3A1F58F8F600F5CAD2 /* UISlider+RACSignalSupport.m */,
				0424DB3B1F58F8F600F5CAD2 /* UIStepper+RACSignalSupport.h */,
				0424DB3C1F58F8F600F5CAD2 /* UIStepper+RACSignalSupport.m */,
				0424DB3D1F58F8F600F5CAD2 /* UISwitch+RACSignalSupport.h */,
				0424DB3E1F58F8F600F5CAD2 /* UISwitch+RACSignalSupport.m */,
				0424DB3F1F58F8F600F5CAD2 /* UITableViewCell+RACSignalSupport.h */,
				0424DB401F58F8F600F5CAD2 /* UITableViewCell+RACSignalSupport.m */,
				0424DB411F58F8F600F5CAD2 /* UITableViewHeaderFooterView+RACSignalSupport.h */,
				0424DB421F58F8F600F5CAD2 /* UITableViewHeaderFooterView+RACSignalSupport.m */,
				0424DB431F58F8F600F5CAD2 /* UITextField+RACSignalSupport.h */,
				0424DB441F58F8F600F5CAD2 /* UITextField+RACSignalSupport.m */,
				0424DB451F58F8F600F5CAD2 /* UITextView+RACSignalSupport.h */,
				0424DB461F58F8F600F5CAD2 /* UITextView+RACSignalSupport.m */,
			);
			path = ReactiveCocoa;
			sourceTree = "<group>";
		};
		0424DA881F58F8F600F5CAD2 /* extobjc */ = {
			isa = PBXGroup;
			children = (
				0424DA891F58F8F600F5CAD2 /* RACEXTKeyPathCoding.h */,
				0424DA8A1F58F8F600F5CAD2 /* RACEXTRuntimeExtensions.h */,
				0424DA8B1F58F8F600F5CAD2 /* RACEXTRuntimeExtensions.m */,
				0424DA8C1F58F8F600F5CAD2 /* RACEXTScope.h */,
				0424DA8D1F58F8F600F5CAD2 /* RACmetamacros.h */,
			);
			path = extobjc;
			sourceTree = "<group>";
		};
		0424DB471F58F8F600F5CAD2 /* RongCloudIM */ = {
			isa = PBXGroup;
			children = (
				0424DB481F58F8F600F5CAD2 /* Emoji.plist */,
				0424DB491F58F8F600F5CAD2 /* RongCloudKit.strings */,
				0424DB4B1F58F8F600F5CAD2 /* libopencore-amrnb.a */,
				0424DB4C1F58F8F600F5CAD2 /* RCConfig.plist */,
				0424DB4D1F58F8F600F5CAD2 /* RongCloud.bundle */,
				0424DB4E1F58F8F600F5CAD2 /* RongIMKit.framework */,
				0424DB4F1F58F8F600F5CAD2 /* RongIMLib.framework */,
			);
			path = RongCloudIM;
			sourceTree = "<group>";
		};
		0424DBBA1F58F9DF00F5CAD2 /* Source */ = {
			isa = PBXGroup;
			children = (
				0424DBBB1F58F9DF00F5CAD2 /* RongCloudIMCenterManager.h */,
				0424DBBC1F58F9DF00F5CAD2 /* RongCloudIMCenterManager.m */,
				0424DBBD1F58F9DF00F5CAD2 /* RongCloudIMManager.h */,
			);
			path = Source;
			sourceTree = "<group>";
		};
		0424DBBF1F58FABC00F5CAD2 /* Frameworks */ = {
			isa = PBXGroup;
			children = (
				0424DBC01F58FABC00F5CAD2 /* libz.tbd */,
				0424DBC11F58FABC00F5CAD2 /* CFNetwork.framework */,
				0424DBC21F58FABC00F5CAD2 /* libstdc++.tbd */,
				0424DBC31F58FABC00F5CAD2 /* libxml2.tbd */,
				0424DBC41F58FABC00F5CAD2 /* libc++abi.tbd */,
				0424DBC51F58FABC00F5CAD2 /* libc++.tbd */,
				0424DBC61F58FABC00F5CAD2 /* AudioToolbox.framework */,
				0424DBC71F58FABC00F5CAD2 /* AssetsLibrary.framework */,
				0424DBC81F58FABC00F5CAD2 /* libsqlite3.tbd */,
			);
			name = Frameworks;
			sourceTree = "<group>";
		};
/* End PBXGroup section */

/* Begin PBXNativeTarget section */
		0424DA681F58F86B00F5CAD2 /* RongCloudManager */ = {
			isa = PBXNativeTarget;
			buildConfigurationList = 0424DA801F58F86B00F5CAD2 /* Build configuration list for PBXNativeTarget "RongCloudManager" */;
			buildPhases = (
				0424DA651F58F86B00F5CAD2 /* Sources */,
				0424DA661F58F86B00F5CAD2 /* Frameworks */,
				0424DA671F58F86B00F5CAD2 /* Resources */,
			);
			buildRules = (
			);
			dependencies = (
			);
			name = RongCloudManager;
			productName = RongCloudManager;
			productReference = 0424DA691F58F86B00F5CAD2 /* RongCloudManager.app */;
			productType = "com.apple.product-type.application";
		};
/* End PBXNativeTarget section */

/* Begin PBXProject section */
		0424DA611F58F86B00F5CAD2 /* Project object */ = {
			isa = PBXProject;
			attributes = {
				LastUpgradeCheck = 0830;
				ORGANIZATIONNAME = LiYou;
				TargetAttributes = {
					0424DA681F58F86B00F5CAD2 = {
						CreatedOnToolsVersion = 8.3.3;
						DevelopmentTeam = E2MHYTRHEB;
						ProvisioningStyle = Automatic;
					};
				};
			};
			buildConfigurationList = 0424DA641F58F86B00F5CAD2 /* Build configuration list for PBXProject "RongCloudManager" */;
			compatibilityVersion = "Xcode 3.2";
			developmentRegion = English;
			hasScannedForEncodings = 0;
			knownRegions = (
				en,
				Base,
				"zh-Hans",
			);
			mainGroup = 0424DA601F58F86B00F5CAD2;
			productRefGroup = 0424DA6A1F58F86B00F5CAD2 /* Products */;
			projectDirPath = "";
			projectRoot = "";
			targets = (
				0424DA681F58F86B00F5CAD2 /* RongCloudManager */,
			);
		};
/* End PBXProject section */

/* Begin PBXResourcesBuildPhase section */
		0424DA671F58F86B00F5CAD2 /* Resources */ = {
			isa = PBXResourcesBuildPhase;
			buildActionMask = 2147483647;
			files = (
				0424DBB41F58F8F600F5CAD2 /* RongCloud.bundle in Resources */,
				0424DA7C1F58F86B00F5CAD2 /* LaunchScreen.storyboard in Resources */,
				0424DBB01F58F8F600F5CAD2 /* Emoji.plist in Resources */,
				0424DA791F58F86B00F5CAD2 /* Assets.xcassets in Resources */,
				0424DBB31F58F8F600F5CAD2 /* RCConfig.plist in Resources */,
				0424DBB11F58F8F600F5CAD2 /* RongCloudKit.strings in Resources */,
				0424DA771F58F86B00F5CAD2 /* Main.storyboard in Resources */,
			);
			runOnlyForDeploymentPostprocessing = 0;
		};
/* End PBXResourcesBuildPhase section */

/* Begin PBXSourcesBuildPhase section */
		0424DA651F58F86B00F5CAD2 /* Sources */ = {
			isa = PBXSourcesBuildPhase;
			buildActionMask = 2147483647;
			files = (
				0424DB801F58F8F600F5CAD2 /* RACKVOProxy.m in Sources */,
				0424DB751F58F8F600F5CAD2 /* RACDynamicSequence.m in Sources */,
				0424DA741F58F86B00F5CAD2 /* ViewController.m in Sources */,
				0424DB6A1F58F8F600F5CAD2 /* NSURLConnection+RACSupport.m in Sources */,
				0424DB8F1F58F8F600F5CAD2 /* RACSignalSequence.m in Sources */,
				0424DB601F58F8F600F5CAD2 /* NSObject+RACDescription.m in Sources */,
				0424DB9E1F58F8F600F5CAD2 /* UIAlertView+RACSignalSupport.m in Sources */,
				0424DB551F58F8F600F5CAD2 /* RACEXTRuntimeExtensions.m in Sources */,
				0424DB681F58F8F600F5CAD2 /* NSString+RACSequenceAdditions.m in Sources */,
				0424DB831F58F8F600F5CAD2 /* RACObjCRuntime.m in Sources */,
				0424DB8E1F58F8F600F5CAD2 /* RACSignalProvider.d in Sources */,
				0424DB8C1F58F8F600F5CAD2 /* RACSignal+Operations.m in Sources */,
				0424DBAA1F58F8F600F5CAD2 /* UIStepper+RACSignalSupport.m in Sources */,
				0424DB9D1F58F8F600F5CAD2 /* UIActionSheet+RACSignalSupport.m in Sources */,
				0424DB661F58F8F600F5CAD2 /* NSSet+RACSequenceAdditions.m in Sources */,
				0424DB5C1F58F8F600F5CAD2 /* NSIndexSet+RACSequenceAdditions.m in Sources */,
				0424DB7B1F58F8F600F5CAD2 /* RACEvent.m in Sources */,
				0424DB791F58F8F600F5CAD2 /* RACEmptySignal.m in Sources */,
				0424DB931F58F8F600F5CAD2 /* RACSubscriber.m in Sources */,
				0424DB911F58F8F600F5CAD2 /* RACStringSequence.m in Sources */,
				0424DBBE1F58F9DF00F5CAD2 /* RongCloudIMCenterManager.m in Sources */,
				0424DB861F58F8F600F5CAD2 /* RACReplaySubject.m in Sources */,
				0424DB731F58F8F600F5CAD2 /* RACDelegateProxy.m in Sources */,
				0424DB7C1F58F8F600F5CAD2 /* RACGroupedSignal.m in Sources */,
				0424DB6C1F58F8F600F5CAD2 /* RACArraySequence.m in Sources */,
				0424DB761F58F8F600F5CAD2 /* RACDynamicSignal.m in Sources */,
				0424DBA41F58F8F600F5CAD2 /* UIDatePicker+RACSignalSupport.m in Sources */,
				0424DB611F58F8F600F5CAD2 /* NSObject+RACKVOWrapper.m in Sources */,
				0424DB5B1F58F8F600F5CAD2 /* NSFileHandle+RACSupport.m in Sources */,
				0424DB651F58F8F600F5CAD2 /* NSOrderedSet+RACSequenceAdditions.m in Sources */,
				0424DB721F58F8F600F5CAD2 /* RACCompoundDisposableProvider.d in Sources */,
				0424DB8A1F58F8F600F5CAD2 /* RACSequence.m in Sources */,
				0424DB941F58F8F600F5CAD2 /* RACSubscriptingAssignmentTrampoline.m in Sources */,
				0424DB561F58F8F600F5CAD2 /* MKAnnotationView+RACSignalSupport.m in Sources */,
				0424DBA31F58F8F600F5CAD2 /* UIControl+RACSignalSupportPrivate.m in Sources */,
				0424DB691F58F8F600F5CAD2 /* NSString+RACSupport.m in Sources */,
				0424DB5E1F58F8F600F5CAD2 /* NSNotificationCenter+RACSupport.m in Sources */,
				0424DB971F58F8F600F5CAD2 /* RACTestScheduler.m in Sources */,
				0424DB961F58F8F600F5CAD2 /* RACTargetQueueScheduler.m in Sources */,
				0424DB6B1F58F8F600F5CAD2 /* NSUserDefaults+RACSupport.m in Sources */,
				0424DB631F58F8F600F5CAD2 /* NSObject+RACPropertySubscribing.m in Sources */,
				0424DBAE1F58F8F600F5CAD2 /* UITextField+RACSignalSupport.m in Sources */,
				0424DBAF1F58F8F600F5CAD2 /* UITextView+RACSignalSupport.m in Sources */,
				0424DBA11F58F8F600F5CAD2 /* UICollectionReusableView+RACSignalSupport.m in Sources */,
				0424DB7F1F58F8F600F5CAD2 /* RACKVOChannel.m in Sources */,
				0424DB991F58F8F600F5CAD2 /* RACTupleSequence.m in Sources */,
				0424DB571F58F8F600F5CAD2 /* NSArray+RACSequenceAdditions.m in Sources */,
				0424DB981F58F8F600F5CAD2 /* RACTuple.m in Sources */,
				0424DBA61F58F8F600F5CAD2 /* UIImagePickerController+RACSignalSupport.m in Sources */,
				0424DB9B1F58F8F600F5CAD2 /* RACUnit.m in Sources */,
				0424DB921F58F8F600F5CAD2 /* RACSubject.m in Sources */,
				0424DB5D1F58F8F600F5CAD2 /* NSInvocation+RACTypeParsing.m in Sources */,
				0424DB9A1F58F8F600F5CAD2 /* RACUnarySequence.m in Sources */,
				0424DBA21F58F8F600F5CAD2 /* UIControl+RACSignalSupport.m in Sources */,
				0424DB621F58F8F600F5CAD2 /* NSObject+RACLifting.m in Sources */,
				0424DBA51F58F8F600F5CAD2 /* UIGestureRecognizer+RACSignalSupport.m in Sources */,
				0424DBA01F58F8F600F5CAD2 /* UIButton+RACCommandSupport.m in Sources */,
				0424DB541F58F8F600F5CAD2 /* RongCloudIMDataRequest.m in Sources */,
				0424DB5F1F58F8F600F5CAD2 /* NSObject+RACDeallocating.m in Sources */,
				0424DB671F58F8F600F5CAD2 /* NSString+RACKeyPathUtilities.m in Sources */,
				0424DB891F58F8F600F5CAD2 /* RACScopedDisposable.m in Sources */,
				0424DB9F1F58F8F600F5CAD2 /* UIBarButtonItem+RACCommandSupport.m in Sources */,
				0424DB7E1F58F8F600F5CAD2 /* RACIndexSetSequence.m in Sources */,
				0424DBA91F58F8F600F5CAD2 /* UISlider+RACSignalSupport.m in Sources */,
				0424DB851F58F8F600F5CAD2 /* RACQueueScheduler.m in Sources */,
				0424DB951F58F8F600F5CAD2 /* RACSubscriptionScheduler.m in Sources */,
				0424DB901F58F8F600F5CAD2 /* RACStream.m in Sources */,
				0424DB591F58F8F600F5CAD2 /* NSDictionary+RACSequenceAdditions.m in Sources */,
				0424DBAB1F58F8F600F5CAD2 /* UISwitch+RACSignalSupport.m in Sources */,
				0424DBAC1F58F8F600F5CAD2 /* UITableViewCell+RACSignalSupport.m in Sources */,
				0424DB6D1F58F8F600F5CAD2 /* RACBehaviorSubject.m in Sources */,
				0424DB5A1F58F8F600F5CAD2 /* NSEnumerator+RACSequenceAdditions.m in Sources */,
				0424DB881F58F8F600F5CAD2 /* RACScheduler.m in Sources */,
				0424DB811F58F8F600F5CAD2 /* RACKVOTrampoline.m in Sources */,
				0424DB771F58F8F600F5CAD2 /* RACEagerSequence.m in Sources */,
				0424DB7A1F58F8F600F5CAD2 /* RACErrorSignal.m in Sources */,
				0424DA711F58F86B00F5CAD2 /* AppDelegate.m in Sources */,
				0424DA6E1F58F86B00F5CAD2 /* main.m in Sources */,
				0424DB711F58F8F600F5CAD2 /* RACCompoundDisposable.m in Sources */,
				0424DB8B1F58F8F600F5CAD2 /* RACSerialDisposable.m in Sources */,
				0424DB821F58F8F600F5CAD2 /* RACMulticastConnection.m in Sources */,
				0424DB7D1F58F8F600F5CAD2 /* RACImmediateScheduler.m in Sources */,
				0424DB8D1F58F8F600F5CAD2 /* RACSignal.m in Sources */,
				0424DB6E1F58F8F600F5CAD2 /* RACBlockTrampoline.m in Sources */,
				0424DB701F58F8F600F5CAD2 /* RACCommand.m in Sources */,
				0424DB781F58F8F600F5CAD2 /* RACEmptySequence.m in Sources */,
				0424DBA81F58F8F600F5CAD2 /* UISegmentedControl+RACSignalSupport.m in Sources */,
				0424DB581F58F8F600F5CAD2 /* NSData+RACSupport.m in Sources */,
				0424DB9C1F58F8F600F5CAD2 /* RACValueTransformer.m in Sources */,
				0424DB6F1F58F8F600F5CAD2 /* RACChannel.m in Sources */,
				0424DB741F58F8F600F5CAD2 /* RACDisposable.m in Sources */,
				0424DBAD1F58F8F600F5CAD2 /* UITableViewHeaderFooterView+RACSignalSupport.m in Sources */,
				0424DBA71F58F8F600F5CAD2 /* UIRefreshControl+RACCommandSupport.m in Sources */,
				0424DB641F58F8F600F5CAD2 /* NSObject+RACSelectorSignal.m in Sources */,
				0424DB841F58F8F600F5CAD2 /* RACPassthroughSubscriber.m in Sources */,
				0424DB871F58F8F600F5CAD2 /* RACReturnSignal.m in Sources */,
			);
			runOnlyForDeploymentPostprocessing = 0;
		};
/* End PBXSourcesBuildPhase section */

/* Begin PBXVariantGroup section */
		0424DA751F58F86B00F5CAD2 /* Main.storyboard */ = {
			isa = PBXVariantGroup;
			children = (
				0424DA761F58F86B00F5CAD2 /* Base */,
			);
			name = Main.storyboard;
			sourceTree = "<group>";
		};
		0424DA7A1F58F86B00F5CAD2 /* LaunchScreen.storyboard */ = {
			isa = PBXVariantGroup;
			children = (
				0424DA7B1F58F86B00F5CAD2 /* Base */,
			);
			name = LaunchScreen.storyboard;
			sourceTree = "<group>";
		};
		0424DB491F58F8F600F5CAD2 /* RongCloudKit.strings */ = {
			isa = PBXVariantGroup;
			children = (
				0424DB4A1F58F8F600F5CAD2 /* en */,
				0424DB501F58F8F600F5CAD2 /* zh-Hans */,
			);
			name = RongCloudKit.strings;
			sourceTree = "<group>";
		};
/* End PBXVariantGroup section */

/* Begin XCBuildConfiguration section */
		0424DA7E1F58F86B00F5CAD2 /* Debug */ = {
			isa = XCBuildConfiguration;
			buildSettings = {
				ALWAYS_SEARCH_USER_PATHS = NO;
				CLANG_ANALYZER_NONNULL = YES;
				CLANG_ANALYZER_NUMBER_OBJECT_CONVERSION = YES_AGGRESSIVE;
				CLANG_CXX_LANGUAGE_STANDARD = "gnu++0x";
				CLANG_CXX_LIBRARY = "libc++";
				CLANG_ENABLE_MODULES = YES;
				CLANG_ENABLE_OBJC_ARC = YES;
				CLANG_WARN_BOOL_CONVERSION = YES;
				CLANG_WARN_CONSTANT_CONVERSION = YES;
				CLANG_WARN_DIRECT_OBJC_ISA_USAGE = YES_ERROR;
				CLANG_WARN_DOCUMENTATION_COMMENTS = YES;
				CLANG_WARN_EMPTY_BODY = YES;
				CLANG_WARN_ENUM_CONVERSION = YES;
				CLANG_WARN_INFINITE_RECURSION = YES;
				CLANG_WARN_INT_CONVERSION = YES;
				CLANG_WARN_OBJC_ROOT_CLASS = YES_ERROR;
				CLANG_WARN_SUSPICIOUS_MOVE = YES;
				CLANG_WARN_UNREACHABLE_CODE = YES;
				CLANG_WARN__DUPLICATE_METHOD_MATCH = YES;
				"CODE_SIGN_IDENTITY[sdk=iphoneos*]" = "iPhone Developer";
				COPY_PHASE_STRIP = NO;
				DEBUG_INFORMATION_FORMAT = dwarf;
				ENABLE_STRICT_OBJC_MSGSEND = YES;
				ENABLE_TESTABILITY = YES;
				GCC_C_LANGUAGE_STANDARD = gnu99;
				GCC_DYNAMIC_NO_PIC = NO;
				GCC_NO_COMMON_BLOCKS = YES;
				GCC_OPTIMIZATION_LEVEL = 0;
				GCC_PREPROCESSOR_DEFINITIONS = (
					"DEBUG=1",
					"$(inherited)",
				);
				GCC_WARN_64_TO_32_BIT_CONVERSION = YES;
				GCC_WARN_ABOUT_RETURN_TYPE = YES_ERROR;
				GCC_WARN_UNDECLARED_SELECTOR = YES;
				GCC_WARN_UNINITIALIZED_AUTOS = YES_AGGRESSIVE;
				GCC_WARN_UNUSED_FUNCTION = YES;
				GCC_WARN_UNUSED_VARIABLE = YES;
				IPHONEOS_DEPLOYMENT_TARGET = 10.3;
				MTL_ENABLE_DEBUG_INFO = YES;
				ONLY_ACTIVE_ARCH = YES;
				SDKROOT = iphoneos;
			};
			name = Debug;
		};
		0424DA7F1F58F86B00F5CAD2 /* Release */ = {
			isa = XCBuildConfiguration;
			buildSettings = {
				ALWAYS_SEARCH_USER_PATHS = NO;
				CLANG_ANALYZER_NONNULL = YES;
				CLANG_ANALYZER_NUMBER_OBJECT_CONVERSION = YES_AGGRESSIVE;
				CLANG_CXX_LANGUAGE_STANDARD = "gnu++0x";
				CLANG_CXX_LIBRARY = "libc++";
				CLANG_ENABLE_MODULES = YES;
				CLANG_ENABLE_OBJC_ARC = YES;
				CLANG_WARN_BOOL_CONVERSION = YES;
				CLANG_WARN_CONSTANT_CONVERSION = YES;
				CLANG_WARN_DIRECT_OBJC_ISA_USAGE = YES_ERROR;
				CLANG_WARN_DOCUMENTATION_COMMENTS = YES;
				CLANG_WARN_EMPTY_BODY = YES;
				CLANG_WARN_ENUM_CONVERSION = YES;
				CLANG_WARN_INFINITE_RECURSION = YES;
				CLANG_WARN_INT_CONVERSION = YES;
				CLANG_WARN_OBJC_ROOT_CLASS = YES_ERROR;
				CLANG_WARN_SUSPICIOUS_MOVE = YES;
				CLANG_WARN_UNREACHABLE_CODE = YES;
				CLANG_WARN__DUPLICATE_METHOD_MATCH = YES;
				"CODE_SIGN_IDENTITY[sdk=iphoneos*]" = "iPhone Developer";
				COPY_PHASE_STRIP = NO;
				DEBUG_INFORMATION_FORMAT = "dwarf-with-dsym";
				ENABLE_NS_ASSERTIONS = NO;
				ENABLE_STRICT_OBJC_MSGSEND = YES;
				GCC_C_LANGUAGE_STANDARD = gnu99;
				GCC_NO_COMMON_BLOCKS = YES;
				GCC_WARN_64_TO_32_BIT_CONVERSION = YES;
				GCC_WARN_ABOUT_RETURN_TYPE = YES_ERROR;
				GCC_WARN_UNDECLARED_SELECTOR = YES;
				GCC_WARN_UNINITIALIZED_AUTOS = YES_AGGRESSIVE;
				GCC_WARN_UNUSED_FUNCTION = YES;
				GCC_WARN_UNUSED_VARIABLE = YES;
				IPHONEOS_DEPLOYMENT_TARGET = 10.3;
				MTL_ENABLE_DEBUG_INFO = NO;
				SDKROOT = iphoneos;
				VALIDATE_PRODUCT = YES;
			};
			name = Release;
		};
		0424DA811F58F86B00F5CAD2 /* Debug */ = {
			isa = XCBuildConfiguration;
			buildSettings = {
				ASSETCATALOG_COMPILER_APPICON_NAME = AppIcon;
				DEVELOPMENT_TEAM = E2MHYTRHEB;
				FRAMEWORK_SEARCH_PATHS = (
					"$(inherited)",
					"$(PROJECT_DIR)/RongCloudManager/Lib/RongCloudIM",
				);
				INFOPLIST_FILE = RongCloudManager/Info.plist;
				LD_RUNPATH_SEARCH_PATHS = "$(inherited) @executable_path/Frameworks";
				LIBRARY_SEARCH_PATHS = (
					"$(inherited)",
					"$(PROJECT_DIR)/RongCloudManager/Lib/RongCloudIM",
				);
				PRODUCT_BUNDLE_IDENTIFIER = com.LiYou.RongCloudManager;
				PRODUCT_NAME = "$(TARGET_NAME)";
			};
			name = Debug;
		};
		0424DA821F58F86B00F5CAD2 /* Release */ = {
			isa = XCBuildConfiguration;
			buildSettings = {
				ASSETCATALOG_COMPILER_APPICON_NAME = AppIcon;
				DEVELOPMENT_TEAM = E2MHYTRHEB;
				FRAMEWORK_SEARCH_PATHS = (
					"$(inherited)",
					"$(PROJECT_DIR)/RongCloudManager/Lib/RongCloudIM",
				);
				INFOPLIST_FILE = RongCloudManager/Info.plist;
				LD_RUNPATH_SEARCH_PATHS = "$(inherited) @executable_path/Frameworks";
				LIBRARY_SEARCH_PATHS = (
					"$(inherited)",
					"$(PROJECT_DIR)/RongCloudManager/Lib/RongCloudIM",
				);
				PRODUCT_BUNDLE_IDENTIFIER = com.LiYou.RongCloudManager;
				PRODUCT_NAME = "$(TARGET_NAME)";
			};
			name = Release;
		};
/* End XCBuildConfiguration section */

/* Begin XCConfigurationList section */
		0424DA641F58F86B00F5CAD2 /* Build configuration list for PBXProject "RongCloudManager" */ = {
			isa = XCConfigurationList;
			buildConfigurations = (
				0424DA7E1F58F86B00F5CAD2 /* Debug */,
				0424DA7F1F58F86B00F5CAD2 /* Release */,
			);
			defaultConfigurationIsVisible = 0;
			defaultConfigurationName = Release;
		};
		0424DA801F58F86B00F5CAD2 /* Build configuration list for PBXNativeTarget "RongCloudManager" */ = {
			isa = XCConfigurationList;
			buildConfigurations = (
				0424DA811F58F86B00F5CAD2 /* Debug */,
				0424DA821F58F86B00F5CAD2 /* Release */,
			);
			defaultConfigurationIsVisible = 0;
		};
/* End XCConfigurationList section */
	};
	rootObject = 0424DA611F58F86B00F5CAD2 /* Project object */;
}
